{
	"name": "jovo-platform-dialogflow",
	"version": "2.2.0",
	"lockfileVersion": 1,
	"requires": true,
	"dependencies": {
		"@types/lodash.clonedeep": {
			"version": "4.5.6",
			"resolved": "https://registry.npmjs.org/@types/lodash.clonedeep/-/lodash.clonedeep-4.5.6.tgz",
			"integrity": "sha512-cE1jYr2dEg1wBImvXlNtp0xDoS79rfEdGozQVgliDZj1uERH4k+rmEMTudP9b4VQ8O6nRb5gPqft0QzEQGMQgA==",
			"dev": true,
			"requires": {
				"@types/lodash": "*"
			},
			"dependencies": {
				"@types/lodash": {
					"version": "4.14.123",
					"resolved": "https://registry.npmjs.org/@types/lodash/-/lodash-4.14.123.tgz",
					"integrity": "sha512-pQvPkc4Nltyx7G1Ww45OjVqUsJP4UsZm+GWJpigXgkikZqJgRm4c48g027o6tdgubWHwFRF15iFd+Y4Pmqv6+Q==",
					"dev": true
				}
			}
		}
	}
}
