{
	"name": "jovo-client-web",
	"version": "1.0.0",
	"lockfileVersion": 1,
	"requires": true,
	"dependencies": {
		"@types/dom-mediacapture-record": {
			"version": "1.0.2",
			"resolved": "https://registry.npmjs.org/@types/dom-mediacapture-record/-/dom-mediacapture-record-1.0.2.tgz",
			"integrity": "sha512-kvpfcIq+YnOPnXxzTx6hbStJin0jtcFgCQxn4XgumF11HrOICxddPJ0/oGBLOd0mauxpPvxBuVvBi1qf7NC7Fg==",
			"dev": true
		}
	}
}
