{
	"name": "jovo-client-web",
	"version": "3.0.8",
	"lockfileVersion": 1,
	"requires": true,
	"dependencies": {
		"@types/dom-mediacapture-record": {
			"version": "1.0.3",
			"resolved": "https://registry.npmjs.org/@types/dom-mediacapture-record/-/dom-mediacapture-record-1.0.3.tgz",
			"integrity": "sha512-mhm2/YFH+oS+aTqLVdoj1CI1BBQy2CiZmpASRa3WMXi4O69IKjOZ3jBvw6o51UTA1qNM6P+Bl4Mx3Q0JI9uVOA==",
			"dev": true
		}
	}
}
