{
	"name": "jovo-platform-googleassistant",
	"version": "2.0.17",
	"lockfileVersion": 1,
	"requires": true,
	"dependencies": {
		"abort-controller": {
			"version": "2.0.2",
			"resolved": "https://registry.npmjs.org/abort-controller/-/abort-controller-2.0.2.tgz",
			"integrity": "sha512-JXEYGxxMwiNl9EUdLysK0K0DwB7ENw6KeeaLHgofijTfJYPB/vOer3Mb+IcP913dCfWiQsd05MmVNl0H5PanrQ==",
			"requires": {
				"event-target-shim": "5.0.0"
			}
		},
		"agent-base": {
			"version": "4.2.1",
			"resolved": "https://registry.npmjs.org/agent-base/-/agent-base-4.2.1.tgz",
			"integrity": "sha512-JVwXMr9nHYTUXsBFKUqhJwvlcYU/blreOEUkhNR2eXZIvwd+c+o5V4MgDPKWnMS/56awN3TRzIP+KoPn+roQtg==",
			"requires": {
				"es6-promisify": "5.0.0"
			}
		},
		"base64-js": {
			"version": "1.3.0",
			"resolved": "https://registry.npmjs.org/base64-js/-/base64-js-1.3.0.tgz",
			"integrity": "sha512-ccav/yGvoa80BQDljCxsmmQ3Xvx60/UpBIij5QN21W3wBi/hhIC9OoO+KLpu9IJTS9j4DRVJ3aDDF9cMSoa2lw=="
		},
		"bignumber.js": {
			"version": "7.2.1",
			"resolved": "https://registry.npmjs.org/bignumber.js/-/bignumber.js-7.2.1.tgz",
			"integrity": "sha512-S4XzBk5sMB+Rcb/LNcpzXr57VRTxgAvaAEDAl1AwRx27j00hT84O6OkteE7u8UB3NuaaygCRrEpqox4uDOrbdQ=="
		},
		"buffer-equal-constant-time": {
			"version": "1.0.1",
			"resolved": "https://registry.npmjs.org/buffer-equal-constant-time/-/buffer-equal-constant-time-1.0.1.tgz",
			"integrity": "sha1-+OcRMvf/5uAaXJaXpMbz5I1cyBk="
		},
		"debug": {
			"version": "3.2.6",
			"resolved": "https://registry.npmjs.org/debug/-/debug-3.2.6.tgz",
			"integrity": "sha512-mel+jf7nrtEl5Pn1Qx46zARXKDpBbvzezse7p7LqINmdoIk8PYP5SySaxEmYv6TZ0JyEKA1hsCId6DIhgITtWQ==",
			"requires": {
				"ms": "2.1.1"
			}
		},
		"ecdsa-sig-formatter": {
			"version": "1.0.10",
			"resolved": "https://registry.npmjs.org/ecdsa-sig-formatter/-/ecdsa-sig-formatter-1.0.10.tgz",
			"integrity": "sha1-HFlQAPBKiJffuFAAiSoPTDOvhsM=",
			"requires": {
				"safe-buffer": "5.1.2"
			}
		},
		"es6-promise": {
			"version": "4.2.6",
			"resolved": "https://registry.npmjs.org/es6-promise/-/es6-promise-4.2.6.tgz",
			"integrity": "sha512-aRVgGdnmW2OiySVPUC9e6m+plolMAJKjZnQlCwNSuK5yQ0JN61DZSO1X1Ufd1foqWRAlig0rhduTCHe7sVtK5Q=="
		},
		"es6-promisify": {
			"version": "5.0.0",
			"resolved": "https://registry.npmjs.org/es6-promisify/-/es6-promisify-5.0.0.tgz",
			"integrity": "sha1-UQnWLz5W6pZ8S2NQWu8IKRyKUgM=",
			"requires": {
				"es6-promise": "4.2.6"
			}
		},
		"event-target-shim": {
			"version": "5.0.0",
			"resolved": "https://registry.npmjs.org/event-target-shim/-/event-target-shim-5.0.0.tgz",
			"integrity": "sha512-vu4tlY5xqMEGj/rzuDHxfvm9Kk2562O5h58i8xwnkMkv/yqmBqBcDJt/vGBrOBbCKuVc5eV3ghYxAX9YUhyi0w=="
		},
		"extend": {
			"version": "3.0.2",
			"resolved": "https://registry.npmjs.org/extend/-/extend-3.0.2.tgz",
			"integrity": "sha512-fjquC59cD7CyW6urNXK0FBufkZcoiGG80wTuPujX590cB5Ttln20E2UB4S/WARVqhXffZl2LNgS+gQdPIIim/g=="
		},
		"fast-text-encoding": {
			"version": "1.0.0",
			"resolved": "https://registry.npmjs.org/fast-text-encoding/-/fast-text-encoding-1.0.0.tgz",
			"integrity": "sha512-R9bHCvweUxxwkDwhjav5vxpFvdPGlVngtqmx4pIZfSUhM/Q4NiIUHB456BAf+Q1Nwu3HEZYONtu+Rya+af4jiQ=="
		},
		"gaxios": {
			"version": "1.7.0",
			"resolved": "https://registry.npmjs.org/gaxios/-/gaxios-1.7.0.tgz",
			"integrity": "sha512-2SaZTtaEgnSMgRrBVnPA5O9Tc8xWfnL48fuxFL7zOHZwnam3HiNOkoosnRgnkNBZoEZrH1Aja3wMCrrDtOEqUw==",
			"requires": {
				"abort-controller": "2.0.2",
				"extend": "3.0.2",
				"https-proxy-agent": "2.2.1",
				"node-fetch": "2.3.0"
			}
		},
		"gcp-metadata": {
			"version": "0.9.3",
			"resolved": "https://registry.npmjs.org/gcp-metadata/-/gcp-metadata-0.9.3.tgz",
			"integrity": "sha512-caV4S84xAjENtpezLCT/GILEAF5h/bC4cNqZFmt/tjTn8t+JBtTkQrgBrJu3857YdsnlM8rxX/PMcKGtE8hUlw==",
			"requires": {
				"gaxios": "1.7.0",
				"json-bigint": "0.3.0"
			}
		},
		"google-auth-library": {
			"version": "3.1.0",
			"resolved": "https://registry.npmjs.org/google-auth-library/-/google-auth-library-3.1.0.tgz",
			"integrity": "sha512-EntjrOgSffw5EhZGoV8+ROPwEK/aQpoMZaULw3bKailEGdjaUI25PmmFc4AN6vG/Q24YEUiuLxtTXa1Usar5Eg==",
			"requires": {
				"base64-js": "1.3.0",
				"fast-text-encoding": "1.0.0",
				"gaxios": "1.7.0",
				"gcp-metadata": "0.9.3",
				"gtoken": "2.3.2",
				"https-proxy-agent": "2.2.1",
				"jws": "3.2.1",
				"lru-cache": "5.1.1",
				"semver": "5.6.0"
			}
		},
		"google-p12-pem": {
			"version": "1.0.3",
			"resolved": "https://registry.npmjs.org/google-p12-pem/-/google-p12-pem-1.0.3.tgz",
			"integrity": "sha512-KGnAiMMWaJp4j4tYVvAjfP3wCKZRLv9M1Nir2wRRNWUYO7j1aX8O9Qgz+a8/EQ5rAvuo4SIu79n6SIdkNl7Msg==",
			"requires": {
				"node-forge": "0.7.6",
				"pify": "4.0.1"
			}
		},
		"googleapis": {
			"version": "37.2.0",
			"resolved": "https://registry.npmjs.org/googleapis/-/googleapis-37.2.0.tgz",
			"integrity": "sha512-UenlZ0c4eaVAylIPvvsIlL/q5/3Xg8DuKug5aqdmRMk+tTVfJUmEKgp3s4ZSUOI5oKqO/+arIW5UnY2S62B13w==",
			"requires": {
				"google-auth-library": "3.1.0",
				"googleapis-common": "0.7.2"
			}
		},
		"googleapis-common": {
			"version": "0.7.2",
			"resolved": "https://registry.npmjs.org/googleapis-common/-/googleapis-common-0.7.2.tgz",
			"integrity": "sha512-9DEJIiO4nS7nw0VE1YVkEfXEj8x8MxsuB+yZIpOBULFSN9OIKcUU8UuKgSZFU4lJmRioMfngktrbkMwWJcUhQg==",
			"requires": {
				"gaxios": "1.7.0",
				"google-auth-library": "3.1.0",
				"pify": "4.0.1",
				"qs": "6.6.0",
				"url-template": "2.0.8",
				"uuid": "3.3.2"
			},
			"dependencies": {
				"uuid": {
					"version": "3.3.2",
					"resolved": "https://registry.npmjs.org/uuid/-/uuid-3.3.2.tgz",
					"integrity": "sha512-yXJmeNaw3DnnKAOKJE51sL/ZaYfWJRl1pK9dr19YFCu0ObS231AB1/LbqTKRAQ5kw8A90rA6fr4riOUpTZvQZA=="
				}
			}
		},
		"gtoken": {
			"version": "2.3.2",
			"resolved": "https://registry.npmjs.org/gtoken/-/gtoken-2.3.2.tgz",
			"integrity": "sha512-F8EObUGyC8Qd3WXTloNULZBwfUsOABoHElihB1F6zGhT/cy38iPL09wGLRY712I+hQnOyA+sYlgPFX2cOKz0qg==",
			"requires": {
				"gaxios": "1.7.0",
				"google-p12-pem": "1.0.3",
				"jws": "3.2.1",
				"mime": "2.4.0",
				"pify": "4.0.1"
			}
		},
		"https-proxy-agent": {
			"version": "2.2.1",
			"resolved": "https://registry.npmjs.org/https-proxy-agent/-/https-proxy-agent-2.2.1.tgz",
			"integrity": "sha512-HPCTS1LW51bcyMYbxUIOO4HEOlQ1/1qRaFWcyxvwaqUS9TY88aoEuHUY33kuAh1YhVVaDQhLZsnPd+XNARWZlQ==",
			"requires": {
				"agent-base": "4.2.1",
				"debug": "3.2.6"
			}
		},
		"json-bigint": {
			"version": "0.3.0",
			"resolved": "https://registry.npmjs.org/json-bigint/-/json-bigint-0.3.0.tgz",
			"integrity": "sha1-DM2RLEuCcNBfBW+9E4FLU9OCWx4=",
			"requires": {
				"bignumber.js": "7.2.1"
			}
		},
		"jwa": {
			"version": "1.2.0",
			"resolved": "https://registry.npmjs.org/jwa/-/jwa-1.2.0.tgz",
			"integrity": "sha512-Grku9ZST5NNQ3hqNUodSkDfEBqAmGA1R8yiyPHOnLzEKI0GaCQC/XhFmsheXYuXzFQJdILbh+lYBiliqG5R/Vg==",
			"requires": {
				"buffer-equal-constant-time": "1.0.1",
				"ecdsa-sig-formatter": "1.0.10",
				"safe-buffer": "5.1.2"
			}
		},
		"jws": {
			"version": "3.2.1",
			"resolved": "https://registry.npmjs.org/jws/-/jws-3.2.1.tgz",
			"integrity": "sha512-bGA2omSrFUkd72dhh05bIAN832znP4wOU3lfuXtRBuGTbsmNmDXMQg28f0Vsxaxgk4myF5YkKQpz6qeRpMgX9g==",
			"requires": {
				"jwa": "1.2.0",
				"safe-buffer": "5.1.2"
			}
		},
		"lru-cache": {
			"version": "5.1.1",
			"resolved": "https://registry.npmjs.org/lru-cache/-/lru-cache-5.1.1.tgz",
			"integrity": "sha512-KpNARQA3Iwv+jTA0utUVVbrh+Jlrr1Fv0e56GGzAFOXN7dk/FviaDW8LHmK52DlcH4WP2n6gI8vN1aesBFgo9w==",
			"requires": {
				"yallist": "3.0.3"
			}
		},
		"mime": {
			"version": "2.4.0",
			"resolved": "https://registry.npmjs.org/mime/-/mime-2.4.0.tgz",
			"integrity": "sha512-ikBcWwyqXQSHKtciCcctu9YfPbFYZ4+gbHEmE0Q8jzcTYQg5dHCr3g2wwAZjPoJfQVXZq6KXAjpXOTf5/cjT7w=="
		},
		"ms": {
			"version": "2.1.1",
			"resolved": "https://registry.npmjs.org/ms/-/ms-2.1.1.tgz",
			"integrity": "sha512-tgp+dl5cGk28utYktBsrFqA7HKgrhgPsg6Z/EfhWI4gl1Hwq8B/GmY/0oXZ6nF8hDVesS/FpnYaD/kOWhYQvyg=="
		},
		"node-fetch": {
			"version": "2.3.0",
			"resolved": "https://registry.npmjs.org/node-fetch/-/node-fetch-2.3.0.tgz",
			"integrity": "sha512-MOd8pV3fxENbryESLgVIeaGKrdl+uaYhCSSVkjeOb/31/njTpcis5aWfdqgNlHIrKOLRbMnfPINPOML2CIFeXA=="
		},
		"node-forge": {
			"version": "0.7.6",
			"resolved": "https://registry.npmjs.org/node-forge/-/node-forge-0.7.6.tgz",
			"integrity": "sha512-sol30LUpz1jQFBjOKwbjxijiE3b6pjd74YwfD0fJOKPjF+fONKb2Yg8rYgS6+bK6VDl+/wfr4IYpC7jDzLUIfw=="
		},
		"pify": {
			"version": "4.0.1",
			"resolved": "https://registry.npmjs.org/pify/-/pify-4.0.1.tgz",
			"integrity": "sha512-uB80kBFb/tfd68bVleG9T5GGsGPjJrLAUpR5PZIrhBnIaRTQRjqdJSsIKkOP6OAIFbj7GOrcudc5pNjZ+geV2g=="
		},
		"qs": {
			"version": "6.6.0",
			"resolved": "https://registry.npmjs.org/qs/-/qs-6.6.0.tgz",
			"integrity": "sha512-KIJqT9jQJDQx5h5uAVPimw6yVg2SekOKu959OCtktD3FjzbpvaPr8i4zzg07DOMz+igA4W/aNM7OV8H37pFYfA=="
		},
		"safe-buffer": {
			"version": "5.1.2",
			"resolved": "https://registry.npmjs.org/safe-buffer/-/safe-buffer-5.1.2.tgz",
			"integrity": "sha512-Gd2UZBJDkXlY7GbJxfsE8/nvKkUEU1G38c1siN6QP6a9PT9MmHB8GnpscSmMJSoF8LOIrt8ud/wPtojys4G6+g=="
		},
		"semver": {
			"version": "5.6.0",
			"resolved": "https://registry.npmjs.org/semver/-/semver-5.6.0.tgz",
			"integrity": "sha512-RS9R6R35NYgQn++fkDWaOmqGoj4Ek9gGs+DPxNUZKuwE183xjJroKvyo1IzVFeXvUrvmALy6FWD5xrdJT25gMg=="
		},
		"ts-jest": {
			"version": "23.10.5",
			"resolved": "https://registry.npmjs.org/ts-jest/-/ts-jest-23.10.5.tgz",
			"integrity": "sha512-MRCs9qnGoyKgFc8adDEntAOP64fWK1vZKnOYU1o2HxaqjdJvGqmkLCPCnVq1/If4zkUmEjKPnCiUisTrlX2p2A==",
			"dev": true,
			"requires": {
				"bs-logger": "0.2.6",
				"buffer-from": "1.1.1",
				"fast-json-stable-stringify": "2.0.0",
				"json5": "2.1.0",
				"make-error": "1.3.5",
				"mkdirp": "0.5.1",
				"resolve": "1.8.1",
				"semver": "5.6.0",
				"yargs-parser": "10.1.0"
			},
			"dependencies": {
				"bs-logger": {
					"version": "0.2.6",
					"resolved": "https://registry.npmjs.org/bs-logger/-/bs-logger-0.2.6.tgz",
					"integrity": "sha512-pd8DCoxmbgc7hyPKOvxtqNcjYoOsABPQdcCUjGp3d42VR2CX1ORhk2A87oqqu5R1kk+76nsxZupkmyd+MVtCog==",
					"dev": true,
					"requires": {
						"fast-json-stable-stringify": "2.0.0"
					}
				},
				"buffer-from": {
					"version": "1.1.1",
					"resolved": "https://registry.npmjs.org/buffer-from/-/buffer-from-1.1.1.tgz",
					"integrity": "sha512-MQcXEUbCKtEo7bhqEs6560Hyd4XaovZlO/k9V3hjVUF/zwW7KBVdSK4gIt/bzwS9MbR5qob+F5jusZsb0YQK2A==",
					"dev": true
				},
				"camelcase": {
					"version": "4.1.0",
					"resolved": "https://registry.npmjs.org/camelcase/-/camelcase-4.1.0.tgz",
					"integrity": "sha1-1UVjW+HjPFQmScaRc+Xeas+uNN0=",
					"dev": true
				},
				"fast-json-stable-stringify": {
					"version": "2.0.0",
					"resolved": "https://registry.npmjs.org/fast-json-stable-stringify/-/fast-json-stable-stringify-2.0.0.tgz",
					"integrity": "sha1-1RQsDK7msRifh9OnYREGT4bIu/I=",
					"dev": true
				},
				"json5": {
					"version": "2.1.0",
					"resolved": "https://registry.npmjs.org/json5/-/json5-2.1.0.tgz",
					"integrity": "sha512-8Mh9h6xViijj36g7Dxi+Y4S6hNGV96vcJZr/SrlHh1LR/pEn/8j/+qIBbs44YKl69Lrfctp4QD+AdWLTMqEZAQ==",
					"dev": true,
					"requires": {
						"minimist": "1.2.0"
					}
				},
				"make-error": {
					"version": "1.3.5",
					"resolved": "https://registry.npmjs.org/make-error/-/make-error-1.3.5.tgz",
					"integrity": "sha512-c3sIjNUow0+8swNwVpqoH4YCShKNFkMaw6oH1mNS2haDZQqkeZFlHS3dhoeEbKKmJB4vXpJucU6oH75aDYeE9g==",
					"dev": true
				},
				"minimist": {
					"version": "1.2.0",
					"resolved": "http://registry.npmjs.org/minimist/-/minimist-1.2.0.tgz",
					"integrity": "sha1-o1AIsg9BOD7sH7kU9M1d95omQoQ=",
					"dev": true
				},
				"mkdirp": {
					"version": "0.5.1",
					"resolved": "http://registry.npmjs.org/mkdirp/-/mkdirp-0.5.1.tgz",
					"integrity": "sha1-MAV0OOrGz3+MR2fzhkjWaX11yQM=",
					"dev": true,
					"requires": {
						"minimist": "0.0.8"
					},
					"dependencies": {
						"minimist": {
							"version": "0.0.8",
							"resolved": "http://registry.npmjs.org/minimist/-/minimist-0.0.8.tgz",
							"integrity": "sha1-hX/Kv8M5fSYluCKCYuhqp6ARsF0=",
							"dev": true
						}
					}
				},
				"path-parse": {
					"version": "1.0.6",
					"resolved": "https://registry.npmjs.org/path-parse/-/path-parse-1.0.6.tgz",
					"integrity": "sha512-GSmOT2EbHrINBf9SR7CDELwlJ8AENk3Qn7OikK4nFYAu3Ote2+JYNVvkpAEQm3/TLNEJFD/xZJjzyxg3KBWOzw==",
					"dev": true
				},
				"resolve": {
					"version": "1.8.1",
					"resolved": "https://registry.npmjs.org/resolve/-/resolve-1.8.1.tgz",
					"integrity": "sha512-AicPrAC7Qu1JxPCZ9ZgCZlY35QgFnNqc+0LtbRNxnVw4TXvjQ72wnuL9JQcEBgXkI9JM8MsT9kaQoHcpCRJOYA==",
					"dev": true,
					"requires": {
						"path-parse": "1.0.6"
					}
				},
				"semver": {
					"version": "5.6.0",
					"resolved": "https://registry.npmjs.org/semver/-/semver-5.6.0.tgz",
					"integrity": "sha512-RS9R6R35NYgQn++fkDWaOmqGoj4Ek9gGs+DPxNUZKuwE183xjJroKvyo1IzVFeXvUrvmALy6FWD5xrdJT25gMg==",
					"dev": true
				},
				"yargs-parser": {
					"version": "10.1.0",
					"resolved": "https://registry.npmjs.org/yargs-parser/-/yargs-parser-10.1.0.tgz",
					"integrity": "sha512-VCIyR1wJoEBZUqk5PA+oOBF6ypbwh5aNB3I50guxAL/quggdfs4TtNHQrSazFA3fYZ+tEqfs0zIGlv0c/rgjbQ==",
					"dev": true,
					"requires": {
						"camelcase": "4.1.0"
					}
				}
			}
		},
		"url-template": {
			"version": "2.0.8",
			"resolved": "https://registry.npmjs.org/url-template/-/url-template-2.0.8.tgz",
			"integrity": "sha1-/FZaPMy/93MMd19WQflVV5FDnyE="
		},
		"yallist": {
			"version": "3.0.3",
			"resolved": "https://registry.npmjs.org/yallist/-/yallist-3.0.3.tgz",
			"integrity": "sha512-S+Zk8DEWE6oKpV+vI3qWkaK+jSbIK86pCwe2IF/xwIpQ8jEuxpw9NyaGjmp9+BoJv5FV2piqCDcoCtStppiq2A=="
		}
	}
}
