{
	"name": "@jovotech/examples-googlebusiness-basic",
	"lockfileVersion": 2,
	"requires": true,
	"packages": {
		"": {
			"name": "@jovotech/examples-googlebusiness-basic",
			"license": "Apache-2.0",
			"dependencies": {
				"@nlpjs/lang-en": "^4.22.7"
			}
		},
		"node_modules/@nlpjs/lang-en": {
			"version": "4.22.7",
			"resolved": "https://registry.npmjs.org/@nlpjs/lang-en/-/lang-en-4.22.7.tgz",
			"integrity": "sha512-hyFDZZ6nTebzZHaZCFK+lhj4Bv85CQS+P0Qx/E7WiT5TRXE6g2PxBfqr6fjkAN/tG+YExZMRUOVbkcOhZhbOJg==",
			"dependencies": {
				"@nlpjs/core": "^4.22.7",
				"@nlpjs/lang-en-min": "^4.22.7"
			}
		},
		"node_modules/@nlpjs/lang-en/node_modules/@nlpjs/core": {
			"version": "4.22.7",
			"resolved": "https://registry.npmjs.org/@nlpjs/core/-/core-4.22.7.tgz",
			"integrity": "sha512-E8IaPSn4BG4UUrdKxTbJK1Qa4kqmou743IUFv1ZHWCZRWAlSYlq/QTApYwTsuWgA//XV49o2wBfyDMXT1Hoxdg=="
		},
		"node_modules/@nlpjs/lang-en/node_modules/@nlpjs/lang-en-min": {
			"version": "4.22.7",
			"resolved": "https://registry.npmjs.org/@nlpjs/lang-en-min/-/lang-en-min-4.22.7.tgz",
			"integrity": "sha512-IOdEiWqZ9alPr+k916/znvLliG/Y8pzxoc2lLvFDzXATIzrmUG2unlHQ9vEXta1rxzDTYOYk57XcFo16GITS3g==",
			"dependencies": {
				"@nlpjs/core": "^4.22.7"
			}
		}
	},
	"dependencies": {
		"@nlpjs/lang-en": {
			"version": "4.22.7",
			"resolved": "https://registry.npmjs.org/@nlpjs/lang-en/-/lang-en-4.22.7.tgz",
			"integrity": "sha512-hyFDZZ6nTebzZHaZCFK+lhj4Bv85CQS+P0Qx/E7WiT5TRXE6g2PxBfqr6fjkAN/tG+YExZMRUOVbkcOhZhbOJg==",
			"requires": {
				"@nlpjs/core": "^4.22.7",
				"@nlpjs/lang-en-min": "^4.22.7"
			},
			"dependencies": {
				"@nlpjs/core": {
					"version": "4.22.7",
					"resolved": "https://registry.npmjs.org/@nlpjs/core/-/core-4.22.7.tgz",
					"integrity": "sha512-E8IaPSn4BG4UUrdKxTbJK1Qa4kqmou743IUFv1ZHWCZRWAlSYlq/QTApYwTsuWgA//XV49o2wBfyDMXT1Hoxdg=="
				},
				"@nlpjs/lang-en-min": {
					"version": "4.22.7",
					"resolved": "https://registry.npmjs.org/@nlpjs/lang-en-min/-/lang-en-min-4.22.7.tgz",
					"integrity": "sha512-IOdEiWqZ9alPr+k916/znvLliG/Y8pzxoc2lLvFDzXATIzrmUG2unlHQ9vEXta1rxzDTYOYk57XcFo16GITS3g==",
					"requires": {
						"@nlpjs/core": "^4.22.7"
					}
				}
			}
		}
	}
}
