{
	"name": "@jovotech/examples-googlebusiness-basic",
	"requires": true,
	"lockfileVersion": 1,
	"dependencies": {
		"@nlpjs/lang-en": {
			"version": "4.22.7",
			"resolved": "https://registry.npmjs.org/@nlpjs/lang-en/-/lang-en-4.22.7.tgz",
			"integrity": "sha512-hyFDZZ6nTebzZHaZCFK+lhj4Bv85CQS+P0Qx/E7WiT5TRXE6g2PxBfqr6fjkAN/tG+YExZMRUOVbkcOhZhbOJg==",
			"requires": {
				"@nlpjs/core": "^4.22.7",
				"@nlpjs/lang-en-min": "^4.22.7"
			},
			"dependencies": {
				"@nlpjs/core": {
					"version": "4.22.7",
					"resolved": "https://registry.npmjs.org/@nlpjs/core/-/core-4.22.7.tgz",
					"integrity": "sha512-E8IaPSn4BG4UUrdKxTbJK1Qa4kqmou743IUFv1ZHWCZRWAlSYlq/QTApYwTsuWgA//XV49o2wBfyDMXT1Hoxdg=="
				},
				"@nlpjs/lang-en-min": {
					"version": "4.22.7",
					"resolved": "https://registry.npmjs.org/@nlpjs/lang-en-min/-/lang-en-min-4.22.7.tgz",
					"integrity": "sha512-IOdEiWqZ9alPr+k916/znvLliG/Y8pzxoc2lLvFDzXATIzrmUG2unlHQ9vEXta1rxzDTYOYk57XcFo16GITS3g==",
					"requires": {
						"@nlpjs/core": "^4.22.7"
					}
				}
			}
		}
	}
}
