{
	"name": "@jovotech/server-express",
	"version": "4.0.0-alpha.5",
	"lockfileVersion": 1,
	"requires": true,
	"dependencies": {
		"@aws-sdk/client-lambda": {
			"version": "3.9.0",
			"resolved": "https://registry.npmjs.org/@aws-sdk/client-lambda/-/client-lambda-3.9.0.tgz",
			"integrity": "sha512-NL9JTMp4i5ZQnImFlPVBuOqm7Wr1bdVoCbESsF0E0rn6EXMsA8M18rr1b7WH5pzA2cIOgPWYstqscvvskqzQfA==",
			"dev": true,
			"requires": {
				"@aws-crypto/sha256-browser": "^1.0.0",
				"@aws-crypto/sha256-js": "^1.0.0",
				"@aws-sdk/config-resolver": "3.8.0",
				"@aws-sdk/credential-provider-node": "3.9.0",
				"@aws-sdk/fetch-http-handler": "3.6.1",
				"@aws-sdk/hash-node": "3.6.1",
				"@aws-sdk/invalid-dependency": "3.6.1",
				"@aws-sdk/middleware-content-length": "3.6.1",
				"@aws-sdk/middleware-host-header": "3.6.1",
				"@aws-sdk/middleware-logger": "3.6.1",
				"@aws-sdk/middleware-retry": "3.8.0",
				"@aws-sdk/middleware-serde": "3.6.1",
				"@aws-sdk/middleware-signing": "3.8.1",
				"@aws-sdk/middleware-stack": "3.6.1",
				"@aws-sdk/middleware-user-agent": "3.6.1",
				"@aws-sdk/node-config-provider": "3.8.0",
				"@aws-sdk/node-http-handler": "3.6.1",
				"@aws-sdk/protocol-http": "3.6.1",
				"@aws-sdk/smithy-client": "3.6.1",
				"@aws-sdk/types": "3.6.1",
				"@aws-sdk/url-parser": "3.6.1",
				"@aws-sdk/url-parser-native": "3.6.1",
				"@aws-sdk/util-base64-browser": "3.6.1",
				"@aws-sdk/util-base64-node": "3.6.1",
				"@aws-sdk/util-body-length-browser": "3.6.1",
				"@aws-sdk/util-body-length-node": "3.6.1",
				"@aws-sdk/util-user-agent-browser": "3.9.0",
				"@aws-sdk/util-user-agent-node": "3.8.0",
				"@aws-sdk/util-utf8-browser": "3.6.1",
				"@aws-sdk/util-utf8-node": "3.6.1",
				"@aws-sdk/util-waiter": "3.6.1",
				"tslib": "^2.0.0"
			},
			"dependencies": {
				"@aws-crypto/ie11-detection": {
					"version": "1.0.0",
					"resolved": "https://registry.npmjs.org/@aws-crypto/ie11-detection/-/ie11-detection-1.0.0.tgz",
					"integrity": "sha512-kCKVhCF1oDxFYgQrxXmIrS5oaWulkvRcPz+QBDMsUr2crbF4VGgGT6+uQhSwJFdUAQ2A//Vq+uT83eJrkzFgXA==",
					"dev": true,
					"requires": {
						"tslib": "^1.11.1"
					},
					"dependencies": {
						"tslib": {
							"version": "1.14.1",
							"resolved": "https://registry.npmjs.org/tslib/-/tslib-1.14.1.tgz",
							"integrity": "sha512-Xni35NKzjgMrwevysHTCArtLDpPvye8zV/0E4EyYn43P7/7qvQwPh9BGkHewbMulVntbigmcT7rdX3BNo9wRJg==",
							"dev": true
						}
					}
				},
				"@aws-crypto/sha256-browser": {
					"version": "1.1.0",
					"resolved": "https://registry.npmjs.org/@aws-crypto/sha256-browser/-/sha256-browser-1.1.0.tgz",
					"integrity": "sha512-VIpuLRDonMAHgomrsm/zKbeXTnxpr4aHDQmS4pF+NcpvBp64l675yjGA9hyUYs/QJwBjUl8WqMjh9tIRgi85Sg==",
					"dev": true,
					"requires": {
						"@aws-crypto/ie11-detection": "^1.0.0",
						"@aws-crypto/sha256-js": "^1.1.0",
						"@aws-crypto/supports-web-crypto": "^1.0.0",
						"@aws-sdk/types": "^3.1.0",
						"@aws-sdk/util-locate-window": "^3.0.0",
						"@aws-sdk/util-utf8-browser": "^3.0.0",
						"tslib": "^1.11.1"
					},
					"dependencies": {
						"tslib": {
							"version": "1.14.1",
							"resolved": "https://registry.npmjs.org/tslib/-/tslib-1.14.1.tgz",
							"integrity": "sha512-Xni35NKzjgMrwevysHTCArtLDpPvye8zV/0E4EyYn43P7/7qvQwPh9BGkHewbMulVntbigmcT7rdX3BNo9wRJg==",
							"dev": true
						}
					}
				},
				"@aws-crypto/sha256-js": {
					"version": "1.1.0",
					"resolved": "https://registry.npmjs.org/@aws-crypto/sha256-js/-/sha256-js-1.1.0.tgz",
					"integrity": "sha512-VIhuqbPgXDVr8sZe2yhgQcDRRmzf4CI8fmC1A3bHiRfE6wlz1d8KpeemqbuoEHotz/Dch9yOxlshyQDNjNFeHA==",
					"dev": true,
					"requires": {
						"@aws-sdk/types": "^3.1.0",
						"@aws-sdk/util-utf8-browser": "^3.0.0",
						"tslib": "^1.11.1"
					},
					"dependencies": {
						"tslib": {
							"version": "1.14.1",
							"resolved": "https://registry.npmjs.org/tslib/-/tslib-1.14.1.tgz",
							"integrity": "sha512-Xni35NKzjgMrwevysHTCArtLDpPvye8zV/0E4EyYn43P7/7qvQwPh9BGkHewbMulVntbigmcT7rdX3BNo9wRJg==",
							"dev": true
						}
					}
				},
				"@aws-crypto/supports-web-crypto": {
					"version": "1.0.0",
					"resolved": "https://registry.npmjs.org/@aws-crypto/supports-web-crypto/-/supports-web-crypto-1.0.0.tgz",
					"integrity": "sha512-IHLfv+WmVH89EW4n6a5eE8/hUlz6qkWGMn/v4r5ZgzcXdTC5nolii2z3k46y01hWRiC2PPhOdeSLzMUCUMco7g==",
					"dev": true,
					"requires": {
						"tslib": "^1.11.1"
					},
					"dependencies": {
						"tslib": {
							"version": "1.14.1",
							"resolved": "https://registry.npmjs.org/tslib/-/tslib-1.14.1.tgz",
							"integrity": "sha512-Xni35NKzjgMrwevysHTCArtLDpPvye8zV/0E4EyYn43P7/7qvQwPh9BGkHewbMulVntbigmcT7rdX3BNo9wRJg==",
							"dev": true
						}
					}
				},
				"@aws-sdk/abort-controller": {
					"version": "3.6.1",
					"resolved": "https://registry.npmjs.org/@aws-sdk/abort-controller/-/abort-controller-3.6.1.tgz",
					"integrity": "sha512-X81XkxX/2Tvv9YNcEto/rcQzPIdKJHFSnl9hBl/qkSdCFV/GaQ2XNWfKm5qFXMLlZNFS0Fn5CnBJ83qnBm47vg==",
					"dev": true,
					"requires": {
						"@aws-sdk/types": "3.6.1",
						"tslib": "^1.8.0"
					},
					"dependencies": {
						"tslib": {
							"version": "1.14.1",
							"resolved": "https://registry.npmjs.org/tslib/-/tslib-1.14.1.tgz",
							"integrity": "sha512-Xni35NKzjgMrwevysHTCArtLDpPvye8zV/0E4EyYn43P7/7qvQwPh9BGkHewbMulVntbigmcT7rdX3BNo9wRJg==",
							"dev": true
						}
					}
				},
				"@aws-sdk/client-sso": {
					"version": "3.9.0",
					"resolved": "https://registry.npmjs.org/@aws-sdk/client-sso/-/client-sso-3.9.0.tgz",
					"integrity": "sha512-WRWPg8AAV98a0hosviduU8trQuYWnuknGfmjfj0j6URkdQ6XYpJJqJS+0L5zkAYE2jnaCv29/Otsr353ubynNw==",
					"dev": true,
					"requires": {
						"@aws-crypto/sha256-browser": "^1.0.0",
						"@aws-crypto/sha256-js": "^1.0.0",
						"@aws-sdk/config-resolver": "3.8.0",
						"@aws-sdk/fetch-http-handler": "3.6.1",
						"@aws-sdk/hash-node": "3.6.1",
						"@aws-sdk/invalid-dependency": "3.6.1",
						"@aws-sdk/middleware-content-length": "3.6.1",
						"@aws-sdk/middleware-host-header": "3.6.1",
						"@aws-sdk/middleware-logger": "3.6.1",
						"@aws-sdk/middleware-retry": "3.8.0",
						"@aws-sdk/middleware-serde": "3.6.1",
						"@aws-sdk/middleware-stack": "3.6.1",
						"@aws-sdk/middleware-user-agent": "3.6.1",
						"@aws-sdk/node-config-provider": "3.8.0",
						"@aws-sdk/node-http-handler": "3.6.1",
						"@aws-sdk/protocol-http": "3.6.1",
						"@aws-sdk/smithy-client": "3.6.1",
						"@aws-sdk/types": "3.6.1",
						"@aws-sdk/url-parser": "3.6.1",
						"@aws-sdk/url-parser-native": "3.6.1",
						"@aws-sdk/util-base64-browser": "3.6.1",
						"@aws-sdk/util-base64-node": "3.6.1",
						"@aws-sdk/util-body-length-browser": "3.6.1",
						"@aws-sdk/util-body-length-node": "3.6.1",
						"@aws-sdk/util-user-agent-browser": "3.9.0",
						"@aws-sdk/util-user-agent-node": "3.8.0",
						"@aws-sdk/util-utf8-browser": "3.6.1",
						"@aws-sdk/util-utf8-node": "3.6.1",
						"tslib": "^2.0.0"
					}
				},
				"@aws-sdk/config-resolver": {
					"version": "3.8.0",
					"resolved": "https://registry.npmjs.org/@aws-sdk/config-resolver/-/config-resolver-3.8.0.tgz",
					"integrity": "sha512-dtVB+yaT6gEqvzDt/pFS2suESTHb4qMiak3i34emSAcXilLYwOm3avUV/GApc499epQdxv/aRDAupanLVqTA1g==",
					"dev": true,
					"requires": {
						"@aws-sdk/signature-v4": "3.6.1",
						"@aws-sdk/types": "3.6.1",
						"tslib": "^1.8.0"
					},
					"dependencies": {
						"tslib": {
							"version": "1.14.1",
							"resolved": "https://registry.npmjs.org/tslib/-/tslib-1.14.1.tgz",
							"integrity": "sha512-Xni35NKzjgMrwevysHTCArtLDpPvye8zV/0E4EyYn43P7/7qvQwPh9BGkHewbMulVntbigmcT7rdX3BNo9wRJg==",
							"dev": true
						}
					}
				},
				"@aws-sdk/credential-provider-env": {
					"version": "3.8.0",
					"resolved": "https://registry.npmjs.org/@aws-sdk/credential-provider-env/-/credential-provider-env-3.8.0.tgz",
					"integrity": "sha512-XUTu1rN1JAGEw3E5WBy00c5Dsu1WKG807bRNSMhlHZDus0ml24MHnypeQ7A2sluE1RJDUZC6vo4GmpM0pV//ug==",
					"dev": true,
					"requires": {
						"@aws-sdk/property-provider": "3.8.0",
						"@aws-sdk/types": "3.6.1",
						"tslib": "^1.8.0"
					},
					"dependencies": {
						"tslib": {
							"version": "1.14.1",
							"resolved": "https://registry.npmjs.org/tslib/-/tslib-1.14.1.tgz",
							"integrity": "sha512-Xni35NKzjgMrwevysHTCArtLDpPvye8zV/0E4EyYn43P7/7qvQwPh9BGkHewbMulVntbigmcT7rdX3BNo9wRJg==",
							"dev": true
						}
					}
				},
				"@aws-sdk/credential-provider-imds": {
					"version": "3.8.0",
					"resolved": "https://registry.npmjs.org/@aws-sdk/credential-provider-imds/-/credential-provider-imds-3.8.0.tgz",
					"integrity": "sha512-//O6uy4HX3KeFTcGP/+GUPQhj1Ljooh+Lp0DDXqkXa79cfV2zCqoBDXeOHiPPwZCWQ14hYhD2qcriiiqEXFsmA==",
					"dev": true,
					"requires": {
						"@aws-sdk/property-provider": "3.8.0",
						"@aws-sdk/types": "3.6.1",
						"tslib": "^1.8.0"
					},
					"dependencies": {
						"tslib": {
							"version": "1.14.1",
							"resolved": "https://registry.npmjs.org/tslib/-/tslib-1.14.1.tgz",
							"integrity": "sha512-Xni35NKzjgMrwevysHTCArtLDpPvye8zV/0E4EyYn43P7/7qvQwPh9BGkHewbMulVntbigmcT7rdX3BNo9wRJg==",
							"dev": true
						}
					}
				},
				"@aws-sdk/credential-provider-ini": {
					"version": "3.8.0",
					"resolved": "https://registry.npmjs.org/@aws-sdk/credential-provider-ini/-/credential-provider-ini-3.8.0.tgz",
					"integrity": "sha512-p/1fiV0vwN9VmNZh/4CVAJXrLpHZO6Dm5OPdIKmmQJaiF9/pZFTaxO82xtMiELDcRV4FAueGV+ptEHIJMZAfsg==",
					"dev": true,
					"requires": {
						"@aws-sdk/property-provider": "3.8.0",
						"@aws-sdk/shared-ini-file-loader": "3.8.0",
						"@aws-sdk/types": "3.6.1",
						"tslib": "^1.8.0"
					},
					"dependencies": {
						"tslib": {
							"version": "1.14.1",
							"resolved": "https://registry.npmjs.org/tslib/-/tslib-1.14.1.tgz",
							"integrity": "sha512-Xni35NKzjgMrwevysHTCArtLDpPvye8zV/0E4EyYn43P7/7qvQwPh9BGkHewbMulVntbigmcT7rdX3BNo9wRJg==",
							"dev": true
						}
					}
				},
				"@aws-sdk/credential-provider-node": {
					"version": "3.9.0",
					"resolved": "https://registry.npmjs.org/@aws-sdk/credential-provider-node/-/credential-provider-node-3.9.0.tgz",
					"integrity": "sha512-2psOfnYz1kMhsFaHGghmrlOc8zzenc4MuvWoPKFPPS3Cr6yb4n93KmVTIWp+sGHNEVRcu1IDxU9Ok9eVrVPbrg==",
					"dev": true,
					"requires": {
						"@aws-sdk/credential-provider-env": "3.8.0",
						"@aws-sdk/credential-provider-imds": "3.8.0",
						"@aws-sdk/credential-provider-ini": "3.8.0",
						"@aws-sdk/credential-provider-process": "3.8.0",
						"@aws-sdk/credential-provider-sso": "3.9.0",
						"@aws-sdk/property-provider": "3.8.0",
						"@aws-sdk/shared-ini-file-loader": "3.8.0",
						"@aws-sdk/types": "3.6.1",
						"tslib": "^1.8.0"
					},
					"dependencies": {
						"tslib": {
							"version": "1.14.1",
							"resolved": "https://registry.npmjs.org/tslib/-/tslib-1.14.1.tgz",
							"integrity": "sha512-Xni35NKzjgMrwevysHTCArtLDpPvye8zV/0E4EyYn43P7/7qvQwPh9BGkHewbMulVntbigmcT7rdX3BNo9wRJg==",
							"dev": true
						}
					}
				},
				"@aws-sdk/credential-provider-process": {
					"version": "3.8.0",
					"resolved": "https://registry.npmjs.org/@aws-sdk/credential-provider-process/-/credential-provider-process-3.8.0.tgz",
					"integrity": "sha512-8wsJFne7CzJnf1D3TjD831WyJsJjEPK+zITgN2FWijUlsC3A8n7cibwRnGOWoSIh3hO6ELNflr33tL1GD2qd/g==",
					"dev": true,
					"requires": {
						"@aws-sdk/credential-provider-ini": "3.8.0",
						"@aws-sdk/property-provider": "3.8.0",
						"@aws-sdk/shared-ini-file-loader": "3.8.0",
						"@aws-sdk/types": "3.6.1",
						"tslib": "^1.8.0"
					},
					"dependencies": {
						"tslib": {
							"version": "1.14.1",
							"resolved": "https://registry.npmjs.org/tslib/-/tslib-1.14.1.tgz",
							"integrity": "sha512-Xni35NKzjgMrwevysHTCArtLDpPvye8zV/0E4EyYn43P7/7qvQwPh9BGkHewbMulVntbigmcT7rdX3BNo9wRJg==",
							"dev": true
						}
					}
				},
				"@aws-sdk/credential-provider-sso": {
					"version": "3.9.0",
					"resolved": "https://registry.npmjs.org/@aws-sdk/credential-provider-sso/-/credential-provider-sso-3.9.0.tgz",
					"integrity": "sha512-Fx/LTc4SN1kv0j0AtAnFrQOi+NDKhqvXqFMKTU5avFFjali7llBOEN6sL1FchcaIK8mJqeaUu+DiDa01ueMzxw==",
					"dev": true,
					"requires": {
						"@aws-sdk/client-sso": "3.9.0",
						"@aws-sdk/credential-provider-ini": "3.8.0",
						"@aws-sdk/property-provider": "3.8.0",
						"@aws-sdk/shared-ini-file-loader": "3.8.0",
						"@aws-sdk/types": "3.6.1",
						"tslib": "^1.8.0"
					},
					"dependencies": {
						"tslib": {
							"version": "1.14.1",
							"resolved": "https://registry.npmjs.org/tslib/-/tslib-1.14.1.tgz",
							"integrity": "sha512-Xni35NKzjgMrwevysHTCArtLDpPvye8zV/0E4EyYn43P7/7qvQwPh9BGkHewbMulVntbigmcT7rdX3BNo9wRJg==",
							"dev": true
						}
					}
				},
				"@aws-sdk/fetch-http-handler": {
					"version": "3.6.1",
					"resolved": "https://registry.npmjs.org/@aws-sdk/fetch-http-handler/-/fetch-http-handler-3.6.1.tgz",
					"integrity": "sha512-N8l6ZbwhINuWG5hsl625lmIQmVjzsqRPmlgh061jm5D90IhsM5/3A3wUxpB/k0av1dmuMRw/m0YtBU5w4LOwvw==",
					"dev": true,
					"requires": {
						"@aws-sdk/protocol-http": "3.6.1",
						"@aws-sdk/querystring-builder": "3.6.1",
						"@aws-sdk/types": "3.6.1",
						"@aws-sdk/util-base64-browser": "3.6.1",
						"tslib": "^1.8.0"
					},
					"dependencies": {
						"tslib": {
							"version": "1.14.1",
							"resolved": "https://registry.npmjs.org/tslib/-/tslib-1.14.1.tgz",
							"integrity": "sha512-Xni35NKzjgMrwevysHTCArtLDpPvye8zV/0E4EyYn43P7/7qvQwPh9BGkHewbMulVntbigmcT7rdX3BNo9wRJg==",
							"dev": true
						}
					}
				},
				"@aws-sdk/hash-node": {
					"version": "3.6.1",
					"resolved": "https://registry.npmjs.org/@aws-sdk/hash-node/-/hash-node-3.6.1.tgz",
					"integrity": "sha512-iKEpzpyaG9PYCnaOGwTIf0lffsF/TpsXrzAfnBlfeOU/3FbgniW2z/yq5xBbtMDtLobtOYC09kUFwDnDvuveSA==",
					"dev": true,
					"requires": {
						"@aws-sdk/types": "3.6.1",
						"@aws-sdk/util-buffer-from": "3.6.1",
						"tslib": "^1.8.0"
					},
					"dependencies": {
						"tslib": {
							"version": "1.14.1",
							"resolved": "https://registry.npmjs.org/tslib/-/tslib-1.14.1.tgz",
							"integrity": "sha512-Xni35NKzjgMrwevysHTCArtLDpPvye8zV/0E4EyYn43P7/7qvQwPh9BGkHewbMulVntbigmcT7rdX3BNo9wRJg==",
							"dev": true
						}
					}
				},
				"@aws-sdk/invalid-dependency": {
					"version": "3.6.1",
					"resolved": "https://registry.npmjs.org/@aws-sdk/invalid-dependency/-/invalid-dependency-3.6.1.tgz",
					"integrity": "sha512-d0RLqK7yeDCZJKopnGmGXo2rYkQNE7sGKVmBHQD1j1kKZ9lWwRoJeWqo834JNPZzY5XRvZG5SuIjJ1kFy8LpyQ==",
					"dev": true,
					"requires": {
						"@aws-sdk/types": "3.6.1",
						"tslib": "^1.8.0"
					},
					"dependencies": {
						"tslib": {
							"version": "1.14.1",
							"resolved": "https://registry.npmjs.org/tslib/-/tslib-1.14.1.tgz",
							"integrity": "sha512-Xni35NKzjgMrwevysHTCArtLDpPvye8zV/0E4EyYn43P7/7qvQwPh9BGkHewbMulVntbigmcT7rdX3BNo9wRJg==",
							"dev": true
						}
					}
				},
				"@aws-sdk/is-array-buffer": {
					"version": "3.6.1",
					"resolved": "https://registry.npmjs.org/@aws-sdk/is-array-buffer/-/is-array-buffer-3.6.1.tgz",
					"integrity": "sha512-qm2iDJmCrxlQE2dsFG+TujPe7jw4DF+4RTrsFMhk/e3lOl3MAzQ6Fc2kXtgeUcVrZVFTL8fQvXE1ByYyI6WbCw==",
					"dev": true,
					"requires": {
						"tslib": "^1.8.0"
					},
					"dependencies": {
						"tslib": {
							"version": "1.14.1",
							"resolved": "https://registry.npmjs.org/tslib/-/tslib-1.14.1.tgz",
							"integrity": "sha512-Xni35NKzjgMrwevysHTCArtLDpPvye8zV/0E4EyYn43P7/7qvQwPh9BGkHewbMulVntbigmcT7rdX3BNo9wRJg==",
							"dev": true
						}
					}
				},
				"@aws-sdk/middleware-content-length": {
					"version": "3.6.1",
					"resolved": "https://registry.npmjs.org/@aws-sdk/middleware-content-length/-/middleware-content-length-3.6.1.tgz",
					"integrity": "sha512-QRcocG9f5YjYzbjs2HjKla6ZIjvx8Y8tm1ZSFOPey81m18CLif1O7M3AtJXvxn+0zeSck9StFdhz5gfjVNYtDg==",
					"dev": true,
					"requires": {
						"@aws-sdk/protocol-http": "3.6.1",
						"@aws-sdk/types": "3.6.1",
						"tslib": "^1.8.0"
					},
					"dependencies": {
						"tslib": {
							"version": "1.14.1",
							"resolved": "https://registry.npmjs.org/tslib/-/tslib-1.14.1.tgz",
							"integrity": "sha512-Xni35NKzjgMrwevysHTCArtLDpPvye8zV/0E4EyYn43P7/7qvQwPh9BGkHewbMulVntbigmcT7rdX3BNo9wRJg==",
							"dev": true
						}
					}
				},
				"@aws-sdk/middleware-host-header": {
					"version": "3.6.1",
					"resolved": "https://registry.npmjs.org/@aws-sdk/middleware-host-header/-/middleware-host-header-3.6.1.tgz",
					"integrity": "sha512-nwq8R2fGBRZQE0Fr/jiOgqfppfiTQCUoD8hyX3qSS7Qc2uqpsDOt2TnnoZl56mpQYkF/344IvMAkp+ew6wR73w==",
					"dev": true,
					"requires": {
						"@aws-sdk/protocol-http": "3.6.1",
						"@aws-sdk/types": "3.6.1",
						"tslib": "^1.8.0"
					},
					"dependencies": {
						"tslib": {
							"version": "1.14.1",
							"resolved": "https://registry.npmjs.org/tslib/-/tslib-1.14.1.tgz",
							"integrity": "sha512-Xni35NKzjgMrwevysHTCArtLDpPvye8zV/0E4EyYn43P7/7qvQwPh9BGkHewbMulVntbigmcT7rdX3BNo9wRJg==",
							"dev": true
						}
					}
				},
				"@aws-sdk/middleware-logger": {
					"version": "3.6.1",
					"resolved": "https://registry.npmjs.org/@aws-sdk/middleware-logger/-/middleware-logger-3.6.1.tgz",
					"integrity": "sha512-zxaSLpwKlja7JvK20UsDTxPqBZUo3rbDA1uv3VWwpxzOrEWSlVZYx/KLuyGWGkx9V71ZEkf6oOWWJIstS0wyQQ==",
					"dev": true,
					"requires": {
						"@aws-sdk/types": "3.6.1",
						"tslib": "^1.8.0"
					},
					"dependencies": {
						"tslib": {
							"version": "1.14.1",
							"resolved": "https://registry.npmjs.org/tslib/-/tslib-1.14.1.tgz",
							"integrity": "sha512-Xni35NKzjgMrwevysHTCArtLDpPvye8zV/0E4EyYn43P7/7qvQwPh9BGkHewbMulVntbigmcT7rdX3BNo9wRJg==",
							"dev": true
						}
					}
				},
				"@aws-sdk/middleware-retry": {
					"version": "3.8.0",
					"resolved": "https://registry.npmjs.org/@aws-sdk/middleware-retry/-/middleware-retry-3.8.0.tgz",
					"integrity": "sha512-VzBEMO7h+doctrNSuNXQhTs8pkR2r6qCEDIn3xRen4qaG80PpryC7oUExhuFyAljQBRsAH7ZPZtlSh7cAKnhTA==",
					"dev": true,
					"requires": {
						"@aws-sdk/protocol-http": "3.6.1",
						"@aws-sdk/service-error-classification": "3.6.1",
						"@aws-sdk/types": "3.6.1",
						"react-native-get-random-values": "^1.4.0",
						"tslib": "^1.8.0",
						"uuid": "^3.0.0"
					},
					"dependencies": {
						"tslib": {
							"version": "1.14.1",
							"resolved": "https://registry.npmjs.org/tslib/-/tslib-1.14.1.tgz",
							"integrity": "sha512-Xni35NKzjgMrwevysHTCArtLDpPvye8zV/0E4EyYn43P7/7qvQwPh9BGkHewbMulVntbigmcT7rdX3BNo9wRJg==",
							"dev": true
						}
					}
				},
				"@aws-sdk/middleware-serde": {
					"version": "3.6.1",
					"resolved": "https://registry.npmjs.org/@aws-sdk/middleware-serde/-/middleware-serde-3.6.1.tgz",
					"integrity": "sha512-EdQCFZRERfP3uDuWcPNuaa2WUR3qL1WFDXafhcx+7ywQxagdYqBUWKFJlLYi6njbkOKXFM+eHBzoXGF0OV3MJA==",
					"dev": true,
					"requires": {
						"@aws-sdk/types": "3.6.1",
						"tslib": "^1.8.0"
					},
					"dependencies": {
						"tslib": {
							"version": "1.14.1",
							"resolved": "https://registry.npmjs.org/tslib/-/tslib-1.14.1.tgz",
							"integrity": "sha512-Xni35NKzjgMrwevysHTCArtLDpPvye8zV/0E4EyYn43P7/7qvQwPh9BGkHewbMulVntbigmcT7rdX3BNo9wRJg==",
							"dev": true
						}
					}
				},
				"@aws-sdk/middleware-signing": {
					"version": "3.8.1",
					"resolved": "https://registry.npmjs.org/@aws-sdk/middleware-signing/-/middleware-signing-3.8.1.tgz",
					"integrity": "sha512-g6tJS/ph1whk7AsNOlFetAiZdvB2k0RHfoO5g6TPDAV8pvBLgjdhmTJg349iPyMDD2f1eabN3GGbeC0mDDEFMA==",
					"dev": true,
					"requires": {
						"@aws-sdk/property-provider": "3.8.0",
						"@aws-sdk/protocol-http": "3.6.1",
						"@aws-sdk/signature-v4": "3.6.1",
						"@aws-sdk/types": "3.6.1",
						"tslib": "^1.8.0"
					},
					"dependencies": {
						"tslib": {
							"version": "1.14.1",
							"resolved": "https://registry.npmjs.org/tslib/-/tslib-1.14.1.tgz",
							"integrity": "sha512-Xni35NKzjgMrwevysHTCArtLDpPvye8zV/0E4EyYn43P7/7qvQwPh9BGkHewbMulVntbigmcT7rdX3BNo9wRJg==",
							"dev": true
						}
					}
				},
				"@aws-sdk/middleware-stack": {
					"version": "3.6.1",
					"resolved": "https://registry.npmjs.org/@aws-sdk/middleware-stack/-/middleware-stack-3.6.1.tgz",
					"integrity": "sha512-EPsIxMi8LtCt7YwTFpWGlVGYJc0q4kwFbOssY02qfqdCnyqi2y5wo089dH7OdxUooQ0D7CPsXM1zTTuzvm+9Fw==",
					"dev": true,
					"requires": {
						"tslib": "^1.8.0"
					},
					"dependencies": {
						"tslib": {
							"version": "1.14.1",
							"resolved": "https://registry.npmjs.org/tslib/-/tslib-1.14.1.tgz",
							"integrity": "sha512-Xni35NKzjgMrwevysHTCArtLDpPvye8zV/0E4EyYn43P7/7qvQwPh9BGkHewbMulVntbigmcT7rdX3BNo9wRJg==",
							"dev": true
						}
					}
				},
				"@aws-sdk/middleware-user-agent": {
					"version": "3.6.1",
					"resolved": "https://registry.npmjs.org/@aws-sdk/middleware-user-agent/-/middleware-user-agent-3.6.1.tgz",
					"integrity": "sha512-YvXvwllNDVvxQ30vIqLsx+P6jjnfFEQUmhlv64n98gOme6h2BqoyQDcC3yHRGctuxRZEsR7W/H1ASTKC+iabbQ==",
					"dev": true,
					"requires": {
						"@aws-sdk/protocol-http": "3.6.1",
						"@aws-sdk/types": "3.6.1",
						"tslib": "^1.8.0"
					},
					"dependencies": {
						"tslib": {
							"version": "1.14.1",
							"resolved": "https://registry.npmjs.org/tslib/-/tslib-1.14.1.tgz",
							"integrity": "sha512-Xni35NKzjgMrwevysHTCArtLDpPvye8zV/0E4EyYn43P7/7qvQwPh9BGkHewbMulVntbigmcT7rdX3BNo9wRJg==",
							"dev": true
						}
					}
				},
				"@aws-sdk/node-config-provider": {
					"version": "3.8.0",
					"resolved": "https://registry.npmjs.org/@aws-sdk/node-config-provider/-/node-config-provider-3.8.0.tgz",
					"integrity": "sha512-VBpFquxACQO9MbdOIz35JgwOH+oJ5JwXpEq2faIhK+0zyM0JqLfJNFnnmHaEH9kBVcdOYJihzDgFje3AnYn7PQ==",
					"dev": true,
					"requires": {
						"@aws-sdk/property-provider": "3.8.0",
						"@aws-sdk/shared-ini-file-loader": "3.8.0",
						"@aws-sdk/types": "3.6.1",
						"tslib": "^1.8.0"
					},
					"dependencies": {
						"tslib": {
							"version": "1.14.1",
							"resolved": "https://registry.npmjs.org/tslib/-/tslib-1.14.1.tgz",
							"integrity": "sha512-Xni35NKzjgMrwevysHTCArtLDpPvye8zV/0E4EyYn43P7/7qvQwPh9BGkHewbMulVntbigmcT7rdX3BNo9wRJg==",
							"dev": true
						}
					}
				},
				"@aws-sdk/node-http-handler": {
					"version": "3.6.1",
					"resolved": "https://registry.npmjs.org/@aws-sdk/node-http-handler/-/node-http-handler-3.6.1.tgz",
					"integrity": "sha512-6XSaoqbm9ZF6T4UdBCcs/Gn2XclwBotkdjj46AxO+9vRAgZDP+lH/8WwZsvfqJhhRhS0qxWrks98WGJwmaTG8g==",
					"dev": true,
					"requires": {
						"@aws-sdk/abort-controller": "3.6.1",
						"@aws-sdk/protocol-http": "3.6.1",
						"@aws-sdk/querystring-builder": "3.6.1",
						"@aws-sdk/types": "3.6.1",
						"tslib": "^1.8.0"
					},
					"dependencies": {
						"tslib": {
							"version": "1.14.1",
							"resolved": "https://registry.npmjs.org/tslib/-/tslib-1.14.1.tgz",
							"integrity": "sha512-Xni35NKzjgMrwevysHTCArtLDpPvye8zV/0E4EyYn43P7/7qvQwPh9BGkHewbMulVntbigmcT7rdX3BNo9wRJg==",
							"dev": true
						}
					}
				},
				"@aws-sdk/property-provider": {
					"version": "3.8.0",
					"resolved": "https://registry.npmjs.org/@aws-sdk/property-provider/-/property-provider-3.8.0.tgz",
					"integrity": "sha512-9tOvTp6ObNdBgkqxXu5bpEdyzVnStO+aUprTbCH0lUfgCeig4q21xOt6Xsqt616WGtDJCAbMcdCay0XiDLLjAw==",
					"dev": true,
					"requires": {
						"@aws-sdk/types": "3.6.1",
						"tslib": "^1.8.0"
					},
					"dependencies": {
						"tslib": {
							"version": "1.14.1",
							"resolved": "https://registry.npmjs.org/tslib/-/tslib-1.14.1.tgz",
							"integrity": "sha512-Xni35NKzjgMrwevysHTCArtLDpPvye8zV/0E4EyYn43P7/7qvQwPh9BGkHewbMulVntbigmcT7rdX3BNo9wRJg==",
							"dev": true
						}
					}
				},
				"@aws-sdk/protocol-http": {
					"version": "3.6.1",
					"resolved": "https://registry.npmjs.org/@aws-sdk/protocol-http/-/protocol-http-3.6.1.tgz",
					"integrity": "sha512-WkQz7ncVYTLvCidDfXWouDzqxgSNPZDz3Bql+7VhZeITnzAEcr4hNMyEqMAVYBVugGmkG2W6YiUqNNs1goOcDA==",
					"dev": true,
					"requires": {
						"@aws-sdk/types": "3.6.1",
						"tslib": "^1.8.0"
					},
					"dependencies": {
						"tslib": {
							"version": "1.14.1",
							"resolved": "https://registry.npmjs.org/tslib/-/tslib-1.14.1.tgz",
							"integrity": "sha512-Xni35NKzjgMrwevysHTCArtLDpPvye8zV/0E4EyYn43P7/7qvQwPh9BGkHewbMulVntbigmcT7rdX3BNo9wRJg==",
							"dev": true
						}
					}
				},
				"@aws-sdk/querystring-builder": {
					"version": "3.6.1",
					"resolved": "https://registry.npmjs.org/@aws-sdk/querystring-builder/-/querystring-builder-3.6.1.tgz",
					"integrity": "sha512-ESe255Yl6vB1AMNqaGSQow3TBYYnpw0AFjE40q2VyiNrkbaqKmW2EzjeCy3wEmB1IfJDHy3O12ZOMUMOnjFT8g==",
					"dev": true,
					"requires": {
						"@aws-sdk/types": "3.6.1",
						"@aws-sdk/util-uri-escape": "3.6.1",
						"tslib": "^1.8.0"
					},
					"dependencies": {
						"tslib": {
							"version": "1.14.1",
							"resolved": "https://registry.npmjs.org/tslib/-/tslib-1.14.1.tgz",
							"integrity": "sha512-Xni35NKzjgMrwevysHTCArtLDpPvye8zV/0E4EyYn43P7/7qvQwPh9BGkHewbMulVntbigmcT7rdX3BNo9wRJg==",
							"dev": true
						}
					}
				},
				"@aws-sdk/querystring-parser": {
					"version": "3.6.1",
					"resolved": "https://registry.npmjs.org/@aws-sdk/querystring-parser/-/querystring-parser-3.6.1.tgz",
					"integrity": "sha512-hh6dhqamKrWWaDSuO2YULci0RGwJWygoy8hpCRxs/FpzzHIcbm6Cl6Jhrn5eKBzOBv+PhCcYwbfad0kIZZovcQ==",
					"dev": true,
					"requires": {
						"@aws-sdk/types": "3.6.1",
						"tslib": "^1.8.0"
					},
					"dependencies": {
						"tslib": {
							"version": "1.14.1",
							"resolved": "https://registry.npmjs.org/tslib/-/tslib-1.14.1.tgz",
							"integrity": "sha512-Xni35NKzjgMrwevysHTCArtLDpPvye8zV/0E4EyYn43P7/7qvQwPh9BGkHewbMulVntbigmcT7rdX3BNo9wRJg==",
							"dev": true
						}
					}
				},
				"@aws-sdk/service-error-classification": {
					"version": "3.6.1",
					"resolved": "https://registry.npmjs.org/@aws-sdk/service-error-classification/-/service-error-classification-3.6.1.tgz",
					"integrity": "sha512-kZ7ZhbrN1f+vrSRkTJvXsu7BlOyZgym058nPA745+1RZ1Rtv4Ax8oknf2RvJyj/1qRUi8LBaAREjzQ3C8tmLBA==",
					"dev": true
				},
				"@aws-sdk/shared-ini-file-loader": {
					"version": "3.8.0",
					"resolved": "https://registry.npmjs.org/@aws-sdk/shared-ini-file-loader/-/shared-ini-file-loader-3.8.0.tgz",
					"integrity": "sha512-wjywtEcsYPwB+asK5iWGeox9ZI4ycaxIGRKJTahFo+VUK6mByIEEG/IF7HuQclSSeDFTt9Occ7hQpXpJ97zpdA==",
					"dev": true,
					"requires": {
						"tslib": "^1.8.0"
					},
					"dependencies": {
						"tslib": {
							"version": "1.14.1",
							"resolved": "https://registry.npmjs.org/tslib/-/tslib-1.14.1.tgz",
							"integrity": "sha512-Xni35NKzjgMrwevysHTCArtLDpPvye8zV/0E4EyYn43P7/7qvQwPh9BGkHewbMulVntbigmcT7rdX3BNo9wRJg==",
							"dev": true
						}
					}
				},
				"@aws-sdk/signature-v4": {
					"version": "3.6.1",
					"resolved": "https://registry.npmjs.org/@aws-sdk/signature-v4/-/signature-v4-3.6.1.tgz",
					"integrity": "sha512-EAR0qGVL4AgzodZv4t+BSuBfyOXhTNxDxom50IFI1MqidR9vI6avNZKcPHhgXbm7XVcsDGThZKbzQ2q7MZ2NTA==",
					"dev": true,
					"requires": {
						"@aws-sdk/is-array-buffer": "3.6.1",
						"@aws-sdk/types": "3.6.1",
						"@aws-sdk/util-hex-encoding": "3.6.1",
						"@aws-sdk/util-uri-escape": "3.6.1",
						"tslib": "^1.8.0"
					},
					"dependencies": {
						"tslib": {
							"version": "1.14.1",
							"resolved": "https://registry.npmjs.org/tslib/-/tslib-1.14.1.tgz",
							"integrity": "sha512-Xni35NKzjgMrwevysHTCArtLDpPvye8zV/0E4EyYn43P7/7qvQwPh9BGkHewbMulVntbigmcT7rdX3BNo9wRJg==",
							"dev": true
						}
					}
				},
				"@aws-sdk/smithy-client": {
					"version": "3.6.1",
					"resolved": "https://registry.npmjs.org/@aws-sdk/smithy-client/-/smithy-client-3.6.1.tgz",
					"integrity": "sha512-AVpRK4/iUxNeDdAm8UqP0ZgtgJMQeWcagTylijwelhWXyXzHUReY1sgILsWcdWnoy6gq845W7K2VBhBleni8+w==",
					"dev": true,
					"requires": {
						"@aws-sdk/middleware-stack": "3.6.1",
						"@aws-sdk/types": "3.6.1",
						"tslib": "^1.8.0"
					},
					"dependencies": {
						"tslib": {
							"version": "1.14.1",
							"resolved": "https://registry.npmjs.org/tslib/-/tslib-1.14.1.tgz",
							"integrity": "sha512-Xni35NKzjgMrwevysHTCArtLDpPvye8zV/0E4EyYn43P7/7qvQwPh9BGkHewbMulVntbigmcT7rdX3BNo9wRJg==",
							"dev": true
						}
					}
				},
				"@aws-sdk/types": {
					"version": "3.6.1",
					"resolved": "https://registry.npmjs.org/@aws-sdk/types/-/types-3.6.1.tgz",
					"integrity": "sha512-4Dx3eRTrUHLxhFdLJL8zdNGzVsJfAxtxPYYGmIddUkO2Gj3WA1TGjdfG4XN/ClI6e1XonCHafQX3UYO/mgnH3g==",
					"dev": true
				},
				"@aws-sdk/url-parser": {
					"version": "3.6.1",
					"resolved": "https://registry.npmjs.org/@aws-sdk/url-parser/-/url-parser-3.6.1.tgz",
					"integrity": "sha512-pWFIePDx0PMCleQRsQDWoDl17YiijOLj0ZobN39rQt+wv5PhLSZDz9PgJsqS48nZ6hqsKgipRcjiBMhn5NtFcQ==",
					"dev": true,
					"requires": {
						"@aws-sdk/querystring-parser": "3.6.1",
						"@aws-sdk/types": "3.6.1",
						"tslib": "^1.8.0"
					},
					"dependencies": {
						"tslib": {
							"version": "1.14.1",
							"resolved": "https://registry.npmjs.org/tslib/-/tslib-1.14.1.tgz",
							"integrity": "sha512-Xni35NKzjgMrwevysHTCArtLDpPvye8zV/0E4EyYn43P7/7qvQwPh9BGkHewbMulVntbigmcT7rdX3BNo9wRJg==",
							"dev": true
						}
					}
				},
				"@aws-sdk/url-parser-native": {
					"version": "3.6.1",
					"resolved": "https://registry.npmjs.org/@aws-sdk/url-parser-native/-/url-parser-native-3.6.1.tgz",
					"integrity": "sha512-3O+ktsrJoE8YQCho9L41YXO8EWILXrSeES7amUaV3mgIV5w4S3SB/r4RkmylpqRpQF7Ry8LFiAnMqH1wa4WBPA==",
					"dev": true,
					"requires": {
						"@aws-sdk/querystring-parser": "3.6.1",
						"@aws-sdk/types": "3.6.1",
						"tslib": "^1.8.0",
						"url": "^0.11.0"
					},
					"dependencies": {
						"tslib": {
							"version": "1.14.1",
							"resolved": "https://registry.npmjs.org/tslib/-/tslib-1.14.1.tgz",
							"integrity": "sha512-Xni35NKzjgMrwevysHTCArtLDpPvye8zV/0E4EyYn43P7/7qvQwPh9BGkHewbMulVntbigmcT7rdX3BNo9wRJg==",
							"dev": true
						}
					}
				},
				"@aws-sdk/util-base64-browser": {
					"version": "3.6.1",
					"resolved": "https://registry.npmjs.org/@aws-sdk/util-base64-browser/-/util-base64-browser-3.6.1.tgz",
					"integrity": "sha512-+DHAIgt0AFARDVC7J0Z9FkSmJhBMlkYdOPeAAgO0WaQoKj7rtsLQJ7P3v3aS1paKN5/sk5xNY7ziVB6uHtOvHA==",
					"dev": true,
					"requires": {
						"tslib": "^1.8.0"
					},
					"dependencies": {
						"tslib": {
							"version": "1.14.1",
							"resolved": "https://registry.npmjs.org/tslib/-/tslib-1.14.1.tgz",
							"integrity": "sha512-Xni35NKzjgMrwevysHTCArtLDpPvye8zV/0E4EyYn43P7/7qvQwPh9BGkHewbMulVntbigmcT7rdX3BNo9wRJg==",
							"dev": true
						}
					}
				},
				"@aws-sdk/util-base64-node": {
					"version": "3.6.1",
					"resolved": "https://registry.npmjs.org/@aws-sdk/util-base64-node/-/util-base64-node-3.6.1.tgz",
					"integrity": "sha512-oiqzpsvtTSS92+cL3ykhGd7t3qBJKeHvrgOwUyEf1wFWHQ2DPJR+dIMy5rMFRXWLKCl3w7IddY2rJCkLYMjaqQ==",
					"dev": true,
					"requires": {
						"@aws-sdk/util-buffer-from": "3.6.1",
						"tslib": "^1.8.0"
					},
					"dependencies": {
						"tslib": {
							"version": "1.14.1",
							"resolved": "https://registry.npmjs.org/tslib/-/tslib-1.14.1.tgz",
							"integrity": "sha512-Xni35NKzjgMrwevysHTCArtLDpPvye8zV/0E4EyYn43P7/7qvQwPh9BGkHewbMulVntbigmcT7rdX3BNo9wRJg==",
							"dev": true
						}
					}
				},
				"@aws-sdk/util-body-length-browser": {
					"version": "3.6.1",
					"resolved": "https://registry.npmjs.org/@aws-sdk/util-body-length-browser/-/util-body-length-browser-3.6.1.tgz",
					"integrity": "sha512-IdWwE3rm/CFDk2F+IwTZOFTnnNW5SB8y1lWiQ54cfc7y03hO6jmXNnpZGZ5goHhT+vf1oheNQt1J47m0pM/Irw==",
					"dev": true,
					"requires": {
						"tslib": "^1.8.0"
					},
					"dependencies": {
						"tslib": {
							"version": "1.14.1",
							"resolved": "https://registry.npmjs.org/tslib/-/tslib-1.14.1.tgz",
							"integrity": "sha512-Xni35NKzjgMrwevysHTCArtLDpPvye8zV/0E4EyYn43P7/7qvQwPh9BGkHewbMulVntbigmcT7rdX3BNo9wRJg==",
							"dev": true
						}
					}
				},
				"@aws-sdk/util-body-length-node": {
					"version": "3.6.1",
					"resolved": "https://registry.npmjs.org/@aws-sdk/util-body-length-node/-/util-body-length-node-3.6.1.tgz",
					"integrity": "sha512-CUG3gc18bSOsqViQhB3M4AlLpAWV47RE6yWJ6rLD0J6/rSuzbwbjzxM39q0YTAVuSo/ivdbij+G9c3QCirC+QQ==",
					"dev": true,
					"requires": {
						"tslib": "^1.8.0"
					},
					"dependencies": {
						"tslib": {
							"version": "1.14.1",
							"resolved": "https://registry.npmjs.org/tslib/-/tslib-1.14.1.tgz",
							"integrity": "sha512-Xni35NKzjgMrwevysHTCArtLDpPvye8zV/0E4EyYn43P7/7qvQwPh9BGkHewbMulVntbigmcT7rdX3BNo9wRJg==",
							"dev": true
						}
					}
				},
				"@aws-sdk/util-buffer-from": {
					"version": "3.6.1",
					"resolved": "https://registry.npmjs.org/@aws-sdk/util-buffer-from/-/util-buffer-from-3.6.1.tgz",
					"integrity": "sha512-OGUh2B5NY4h7iRabqeZ+EgsrzE1LUmNFzMyhoZv0tO4NExyfQjxIYXLQQvydeOq9DJUbCw+yrRZrj8vXNDQG+g==",
					"dev": true,
					"requires": {
						"@aws-sdk/is-array-buffer": "3.6.1",
						"tslib": "^1.8.0"
					},
					"dependencies": {
						"tslib": {
							"version": "1.14.1",
							"resolved": "https://registry.npmjs.org/tslib/-/tslib-1.14.1.tgz",
							"integrity": "sha512-Xni35NKzjgMrwevysHTCArtLDpPvye8zV/0E4EyYn43P7/7qvQwPh9BGkHewbMulVntbigmcT7rdX3BNo9wRJg==",
							"dev": true
						}
					}
				},
				"@aws-sdk/util-hex-encoding": {
					"version": "3.6.1",
					"resolved": "https://registry.npmjs.org/@aws-sdk/util-hex-encoding/-/util-hex-encoding-3.6.1.tgz",
					"integrity": "sha512-pzsGOHtU2eGca4NJgFg94lLaeXDOg8pcS9sVt4f9LmtUGbrqRveeyBv0XlkHeZW2n0IZBssPHipVYQFlk7iaRA==",
					"dev": true,
					"requires": {
						"tslib": "^1.8.0"
					},
					"dependencies": {
						"tslib": {
							"version": "1.14.1",
							"resolved": "https://registry.npmjs.org/tslib/-/tslib-1.14.1.tgz",
							"integrity": "sha512-Xni35NKzjgMrwevysHTCArtLDpPvye8zV/0E4EyYn43P7/7qvQwPh9BGkHewbMulVntbigmcT7rdX3BNo9wRJg==",
							"dev": true
						}
					}
				},
				"@aws-sdk/util-locate-window": {
					"version": "3.6.1",
					"resolved": "https://registry.npmjs.org/@aws-sdk/util-locate-window/-/util-locate-window-3.6.1.tgz",
					"integrity": "sha512-xXJmtCNa1Sku2JkCx0RHRyXmTMBAraup6L14a5vgLrV2TNL89HRy2iybbe/6LqG8hg9QC3HFtr3QsXQXrsBI8Q==",
					"dev": true,
					"requires": {
						"tslib": "^1.8.0"
					},
					"dependencies": {
						"tslib": {
							"version": "1.14.1",
							"resolved": "https://registry.npmjs.org/tslib/-/tslib-1.14.1.tgz",
							"integrity": "sha512-Xni35NKzjgMrwevysHTCArtLDpPvye8zV/0E4EyYn43P7/7qvQwPh9BGkHewbMulVntbigmcT7rdX3BNo9wRJg==",
							"dev": true
						}
					}
				},
				"@aws-sdk/util-uri-escape": {
					"version": "3.6.1",
					"resolved": "https://registry.npmjs.org/@aws-sdk/util-uri-escape/-/util-uri-escape-3.6.1.tgz",
					"integrity": "sha512-tgABiT71r0ScRJZ1pMX0xO0QPMMiISCtumph50IU5VDyZWYgeIxqkMhIcrL1lX0QbNCMgX0n6rZxGrrbjDNavA==",
					"dev": true,
					"requires": {
						"tslib": "^1.8.0"
					},
					"dependencies": {
						"tslib": {
							"version": "1.14.1",
							"resolved": "https://registry.npmjs.org/tslib/-/tslib-1.14.1.tgz",
							"integrity": "sha512-Xni35NKzjgMrwevysHTCArtLDpPvye8zV/0E4EyYn43P7/7qvQwPh9BGkHewbMulVntbigmcT7rdX3BNo9wRJg==",
							"dev": true
						}
					}
				},
				"@aws-sdk/util-user-agent-browser": {
					"version": "3.9.0",
					"resolved": "https://registry.npmjs.org/@aws-sdk/util-user-agent-browser/-/util-user-agent-browser-3.9.0.tgz",
					"integrity": "sha512-C+sVLlwxzV3gjWzr7iCy0ih7hZMS/63LJAkn+oR94sUq56jhOsAHQnaJHEXOtfFMttIKa/NDl5HnwQdCXN447A==",
					"dev": true,
					"requires": {
						"@aws-sdk/types": "3.6.1",
						"bowser": "^2.11.0",
						"tslib": "^1.8.0"
					},
					"dependencies": {
						"tslib": {
							"version": "1.14.1",
							"resolved": "https://registry.npmjs.org/tslib/-/tslib-1.14.1.tgz",
							"integrity": "sha512-Xni35NKzjgMrwevysHTCArtLDpPvye8zV/0E4EyYn43P7/7qvQwPh9BGkHewbMulVntbigmcT7rdX3BNo9wRJg==",
							"dev": true
						}
					}
				},
				"@aws-sdk/util-user-agent-node": {
					"version": "3.8.0",
					"resolved": "https://registry.npmjs.org/@aws-sdk/util-user-agent-node/-/util-user-agent-node-3.8.0.tgz",
					"integrity": "sha512-TjIjxmGrO3HuWcycD5IDQzD5HUXhCIANQwpdBfTS0TOI/5kxmLWz48mU4tN5+l0ix0OhN3JutQV/zWoguNsebQ==",
					"dev": true,
					"requires": {
						"@aws-sdk/node-config-provider": "3.8.0",
						"@aws-sdk/types": "3.6.1",
						"tslib": "^1.8.0"
					},
					"dependencies": {
						"tslib": {
							"version": "1.14.1",
							"resolved": "https://registry.npmjs.org/tslib/-/tslib-1.14.1.tgz",
							"integrity": "sha512-Xni35NKzjgMrwevysHTCArtLDpPvye8zV/0E4EyYn43P7/7qvQwPh9BGkHewbMulVntbigmcT7rdX3BNo9wRJg==",
							"dev": true
						}
					}
				},
				"@aws-sdk/util-utf8-browser": {
					"version": "3.6.1",
					"resolved": "https://registry.npmjs.org/@aws-sdk/util-utf8-browser/-/util-utf8-browser-3.6.1.tgz",
					"integrity": "sha512-gZPySY6JU5gswnw3nGOEHl3tYE7vPKvtXGYoS2NRabfDKRejFvu+4/nNW6SSpoOxk6LSXsrWB39NO51k+G4PVA==",
					"dev": true,
					"requires": {
						"tslib": "^1.8.0"
					},
					"dependencies": {
						"tslib": {
							"version": "1.14.1",
							"resolved": "https://registry.npmjs.org/tslib/-/tslib-1.14.1.tgz",
							"integrity": "sha512-Xni35NKzjgMrwevysHTCArtLDpPvye8zV/0E4EyYn43P7/7qvQwPh9BGkHewbMulVntbigmcT7rdX3BNo9wRJg==",
							"dev": true
						}
					}
				},
				"@aws-sdk/util-utf8-node": {
					"version": "3.6.1",
					"resolved": "https://registry.npmjs.org/@aws-sdk/util-utf8-node/-/util-utf8-node-3.6.1.tgz",
					"integrity": "sha512-4s0vYfMUn74XLn13rUUhNsmuPMh0j1d4rF58wXtjlVUU78THxonnN8mbCLC48fI3fKDHTmDDkeEqy7+IWP9VyA==",
					"dev": true,
					"requires": {
						"@aws-sdk/util-buffer-from": "3.6.1",
						"tslib": "^1.8.0"
					},
					"dependencies": {
						"tslib": {
							"version": "1.14.1",
							"resolved": "https://registry.npmjs.org/tslib/-/tslib-1.14.1.tgz",
							"integrity": "sha512-Xni35NKzjgMrwevysHTCArtLDpPvye8zV/0E4EyYn43P7/7qvQwPh9BGkHewbMulVntbigmcT7rdX3BNo9wRJg==",
							"dev": true
						}
					}
				},
				"@aws-sdk/util-waiter": {
					"version": "3.6.1",
					"resolved": "https://registry.npmjs.org/@aws-sdk/util-waiter/-/util-waiter-3.6.1.tgz",
					"integrity": "sha512-CQMRteoxW1XZSzPBVrTsOTnfzsEGs8N/xZ8BuBnXLBjoIQmRKVxIH9lgphm1ohCtVHoSWf28XH/KoOPFULQ4Tg==",
					"dev": true,
					"requires": {
						"@aws-sdk/abort-controller": "3.6.1",
						"@aws-sdk/types": "3.6.1",
						"tslib": "^1.8.0"
					},
					"dependencies": {
						"tslib": {
							"version": "1.14.1",
							"resolved": "https://registry.npmjs.org/tslib/-/tslib-1.14.1.tgz",
							"integrity": "sha512-Xni35NKzjgMrwevysHTCArtLDpPvye8zV/0E4EyYn43P7/7qvQwPh9BGkHewbMulVntbigmcT7rdX3BNo9wRJg==",
							"dev": true
						}
					}
				},
				"bowser": {
					"version": "2.11.0",
					"resolved": "https://registry.npmjs.org/bowser/-/bowser-2.11.0.tgz",
					"integrity": "sha512-AlcaJBi/pqqJBIQ8U9Mcpc9i8Aqxn88Skv5d+xBX006BY5u8N3mGLHa5Lgppa7L/HfwgwLgZ6NYs+Ag6uUmJRA==",
					"dev": true
				},
				"fast-base64-decode": {
					"version": "1.0.0",
					"resolved": "https://registry.npmjs.org/fast-base64-decode/-/fast-base64-decode-1.0.0.tgz",
					"integrity": "sha512-qwaScUgUGBYeDNRnbc/KyllVU88Jk1pRHPStuF/lO7B0/RTRLj7U0lkdTAutlBblY08rwZDff6tNU9cjv6j//Q==",
					"dev": true
				},
				"punycode": {
					"version": "1.3.2",
					"resolved": "https://registry.npmjs.org/punycode/-/punycode-1.3.2.tgz",
					"integrity": "sha1-llOgNvt8HuQjQvIyXM7v6jkmxI0=",
					"dev": true
				},
				"querystring": {
					"version": "0.2.0",
					"resolved": "https://registry.npmjs.org/querystring/-/querystring-0.2.0.tgz",
					"integrity": "sha1-sgmEkgO7Jd+CDadW50cAWHhSFiA=",
					"dev": true
				},
				"react-native-get-random-values": {
					"version": "1.6.0",
					"resolved": "https://registry.npmjs.org/react-native-get-random-values/-/react-native-get-random-values-1.6.0.tgz",
					"integrity": "sha512-sPTRTJk4bpuZeTBf6d7DldQGAOCi0GZh5NxzNI3eHXzxwHbNkV13Q22TehiSb3bsaVqwLC4UAa6QvYIucyyc+A==",
					"dev": true,
					"requires": {
						"fast-base64-decode": "^1.0.0"
					}
				},
				"tslib": {
					"version": "2.1.0",
					"resolved": "https://registry.npmjs.org/tslib/-/tslib-2.1.0.tgz",
					"integrity": "sha512-hcVC3wYEziELGGmEEXue7D75zbwIIVUMWAVbHItGPx0ziyXxrOMQx4rQEVEV45Ut/1IotuEvwqPopzIOkDMf0A==",
					"dev": true
				},
				"url": {
					"version": "0.11.0",
					"resolved": "https://registry.npmjs.org/url/-/url-0.11.0.tgz",
					"integrity": "sha1-ODjpfPxgUh63PFJajlW/3Z4uKPE=",
					"dev": true,
					"requires": {
						"punycode": "1.3.2",
						"querystring": "0.2.0"
					}
				},
				"uuid": {
					"version": "3.4.0",
					"resolved": "https://registry.npmjs.org/uuid/-/uuid-3.4.0.tgz",
					"integrity": "sha512-HjSDRw6gZE5JMggctHBcjVak08+KEVhSIiDzFnT9S9aegmp85S/bReBVTb4QTFaRNptJ9kuYaNhnbNEOkbKb/A==",
					"dev": true
				}
			}
		}
	}
}
