{
  "name": "jovo-platform-google-business-messages",
  "version": "3.0.19",
  "lockfileVersion": 1,
  "requires": true,
  "dependencies": {
    "@types/lodash": {
      "version": "4.14.157",
      "resolved": "https://registry.npmjs.org/@types/lodash/-/lodash-4.14.157.tgz",
      "integrity": "sha512-Ft5BNFmv2pHDgxV5JDsndOWTRJ+56zte0ZpYLowp03tW+K+t8u8YMOzAnpuqPgzX6WO1XpDIUm7u04M8vdDiVQ==",
      "dev": true
    },
    "@types/lodash.merge": {
      "version": "4.6.6",
      "resolved": "https://registry.npmjs.org/@types/lodash.merge/-/lodash.merge-4.6.6.tgz",
      "integrity": "sha512-IB90krzMf7YpfgP3u/EvZEdXVvm4e3gJbUvh5ieuI+o+XqiNEt6fCzqNRaiLlPVScLI59RxIGZMQ3+Ko/DJ8vQ==",
      "dev": true,
      "requires": {
        "@types/lodash": "*"
      }
    },
    "lodash.merge": {
      "version": "4.6.2",
      "resolved": "https://registry.npmjs.org/lodash.merge/-/lodash.merge-4.6.2.tgz",
      "integrity": "sha512-0KpjqXRVvrYyCsX1swR/XTK0va6VQkQM6MNo7PqW77ByjAhoARA8EfrP1N4+KlKj8YS0ZUCtRT/YUuhyYDujIQ=="
    }
  }
}
