{
  "name": "jovo-platform-google-business-messages",
  "version": "3.0.19",
  "lockfileVersion": 1,
  "requires": true,
  "dependencies": {
    "@babel/runtime": {
      "version": "7.10.4",
      "resolved": "https://registry.npmjs.org/@babel/runtime/-/runtime-7.10.4.tgz",
      "integrity": "sha512-UpTN5yUJr9b4EX2CnGNWIvER7Ab83ibv0pcvvHc4UOdrBI5jb8bj+32cCwPX6xu0mt2daFNjYhoi+X7beH0RSw==",
      "dev": true,
      "requires": {
        "regenerator-runtime": "^0.13.4"
      }
    },
    "@types/lodash": {
      "version": "4.14.157",
      "resolved": "https://registry.npmjs.org/@types/lodash/-/lodash-4.14.157.tgz",
      "integrity": "sha512-Ft5BNFmv2pHDgxV5JDsndOWTRJ+56zte0ZpYLowp03tW+K+t8u8YMOzAnpuqPgzX6WO1XpDIUm7u04M8vdDiVQ==",
      "dev": true
    },
    "@types/lodash.merge": {
      "version": "4.6.6",
      "resolved": "https://registry.npmjs.org/@types/lodash.merge/-/lodash.merge-4.6.6.tgz",
      "integrity": "sha512-IB90krzMf7YpfgP3u/EvZEdXVvm4e3gJbUvh5ieuI+o+XqiNEt6fCzqNRaiLlPVScLI59RxIGZMQ3+Ko/DJ8vQ==",
      "dev": true,
      "requires": {
        "@types/lodash": "*"
      }
    },
    "asyncctx": {
      "version": "2.0.13",
      "resolved": "https://registry.npmjs.org/asyncctx/-/asyncctx-2.0.13.tgz",
      "integrity": "sha512-14aUwnQdJIx/+3rzxFNutsr2rfO6WI1CpKQuPQ8LykD3itbyl0FLg12LJRMHbAsTV5AT/oVigxm0nybUTuTaSg==",
      "dev": true
    },
    "axios": {
      "version": "0.19.2",
      "resolved": "https://registry.npmjs.org/axios/-/axios-0.19.2.tgz",
      "integrity": "sha512-fjgm5MvRHLhx+osE2xoekY70AhARk3a6hkN+3Io1jc00jtquGvxYlKlsFUhmUET0V5te6CcZI7lcv2Ym61mjHA==",
      "dev": true,
      "requires": {
        "follow-redirects": "1.5.10"
      }
    },
    "debug": {
      "version": "3.1.0",
      "resolved": "https://registry.npmjs.org/debug/-/debug-3.1.0.tgz",
      "integrity": "sha512-OX8XqP7/1a9cqkxYw2yXss15f26NKWBpDXQd0/uK/KPqdQhxbPa994hnzjcE2VqQpDslf55723cKPUOGSmMY3g==",
      "dev": true,
      "requires": {
        "ms": "2.0.0"
      }
    },
    "follow-redirects": {
      "version": "1.5.10",
      "resolved": "https://registry.npmjs.org/follow-redirects/-/follow-redirects-1.5.10.tgz",
      "integrity": "sha512-0V5l4Cizzvqt5D44aTXbFZz+FtyXV1vrDN6qrelxtfYQKW0KO0W2T/hkE8xvGa/540LkZlkaUjO4ailYTFtHVQ==",
      "dev": true,
      "requires": {
        "debug": "=3.1.0"
      }
    },
    "i18next": {
      "version": "19.6.0",
      "resolved": "https://registry.npmjs.org/i18next/-/i18next-19.6.0.tgz",
      "integrity": "sha512-t+pA7iN2WtwS1UQc4PFKHDIO4HYZIl2Wo8UC8gqt70Q1qY50FflAF5vV4IbQEqy4DuK3I9wv3BL1PMvkk238WA==",
      "dev": true,
      "requires": {
        "@babel/runtime": "^7.10.1"
      }
    },
    "jovo-db-filedb": {
      "version": "3.0.18",
      "resolved": "https://registry.npmjs.org/jovo-db-filedb/-/jovo-db-filedb-3.0.18.tgz",
      "integrity": "sha512-YHZaaiwaemYiVjy9djBvzVVrtMzjD7TV5Ff+nIebo0E48oKYzf7exQ24GgQMDUueQKQTprh5yT9ozZYNLif6KQ==",
      "dev": true,
      "requires": {
        "jovo-core": "^3.0.17",
        "lodash.get": "^4.4.2",
        "lodash.merge": "^4.6.2",
        "lodash.set": "^4.3.2"
      },
      "dependencies": {
        "jovo-core": {
          "version": "3.0.17",
          "resolved": "https://registry.npmjs.org/jovo-core/-/jovo-core-3.0.17.tgz",
          "integrity": "sha512-vOMCbkdbYHGezfn3qvMUzsGh/tlMVrnY7I6aELC1PACtSJoQN8AbOaG9A+pwScNk8S/ldVwxupp3zcv/gTJPcw==",
          "dev": true,
          "requires": {
            "asyncctx": "^2.0.3",
            "axios": "^0.19.0",
            "i18next": "^19.0.2",
            "lodash.camelcase": "^4.3.0",
            "lodash.clonedeep": "^4.5.0",
            "lodash.get": "^4.4.2",
            "lodash.isequal": "^4.5.0",
            "lodash.map": "^4.6.0",
            "lodash.mapvalues": "^4.6.0",
            "lodash.merge": "^4.6.2",
            "lodash.sample": "^4.2.1",
            "lodash.set": "^4.3.2",
            "lodash.transform": "^4.6.0"
          }
        }
      }
    },
    "lodash.camelcase": {
      "version": "4.3.0",
      "resolved": "https://registry.npmjs.org/lodash.camelcase/-/lodash.camelcase-4.3.0.tgz",
      "integrity": "sha1-soqmKIorn8ZRA1x3EfZathkDMaY=",
      "dev": true
    },
    "lodash.clonedeep": {
      "version": "4.5.0",
      "resolved": "https://registry.npmjs.org/lodash.clonedeep/-/lodash.clonedeep-4.5.0.tgz",
      "integrity": "sha1-4j8/nE+Pvd6HJSnBBxhXoIblzO8=",
      "dev": true
    },
    "lodash.get": {
      "version": "4.4.2",
      "resolved": "https://registry.npmjs.org/lodash.get/-/lodash.get-4.4.2.tgz",
      "integrity": "sha1-LRd/ZS+jHpObRDjVNBSZ36OCXpk=",
      "dev": true
    },
    "lodash.isequal": {
      "version": "4.5.0",
      "resolved": "https://registry.npmjs.org/lodash.isequal/-/lodash.isequal-4.5.0.tgz",
      "integrity": "sha1-QVxEePK8wwEgwizhDtMib30+GOA=",
      "dev": true
    },
    "lodash.map": {
      "version": "4.6.0",
      "resolved": "https://registry.npmjs.org/lodash.map/-/lodash.map-4.6.0.tgz",
      "integrity": "sha1-dx7Hg540c9nEzeKLGTlMNWL09tM=",
      "dev": true
    },
    "lodash.mapvalues": {
      "version": "4.6.0",
      "resolved": "https://registry.npmjs.org/lodash.mapvalues/-/lodash.mapvalues-4.6.0.tgz",
      "integrity": "sha1-G6+lAF3p3W9PJmaMMMo3IwzJaJw=",
      "dev": true
    },
    "lodash.merge": {
      "version": "4.6.2",
      "resolved": "https://registry.npmjs.org/lodash.merge/-/lodash.merge-4.6.2.tgz",
      "integrity": "sha512-0KpjqXRVvrYyCsX1swR/XTK0va6VQkQM6MNo7PqW77ByjAhoARA8EfrP1N4+KlKj8YS0ZUCtRT/YUuhyYDujIQ=="
    },
    "lodash.sample": {
      "version": "4.2.1",
      "resolved": "https://registry.npmjs.org/lodash.sample/-/lodash.sample-4.2.1.tgz",
      "integrity": "sha1-XkKRsMdT+hq+sKq4+ynfG2bwf20=",
      "dev": true
    },
    "lodash.set": {
      "version": "4.3.2",
      "resolved": "https://registry.npmjs.org/lodash.set/-/lodash.set-4.3.2.tgz",
      "integrity": "sha1-2HV7HagH3eJIFrDWqEvqGnYjCyM=",
      "dev": true
    },
    "lodash.transform": {
      "version": "4.6.0",
      "resolved": "https://registry.npmjs.org/lodash.transform/-/lodash.transform-4.6.0.tgz",
      "integrity": "sha1-EjBkIvYzJK7YSD0/ODMrX2cFR6A=",
      "dev": true
    },
    "ms": {
      "version": "2.0.0",
      "resolved": "https://registry.npmjs.org/ms/-/ms-2.0.0.tgz",
      "integrity": "sha1-VgiurfwAvmwpAd9fmGF4jeDVl8g=",
      "dev": true
    },
    "regenerator-runtime": {
      "version": "0.13.5",
      "resolved": "https://registry.npmjs.org/regenerator-runtime/-/regenerator-runtime-0.13.5.tgz",
      "integrity": "sha512-ZS5w8CpKFinUzOwW3c83oPeVXoNsrLsaCoLtJvAClH135j/R77RuymhiSErhm2lKcwSCIpmvIWSbDkIfAqKQlA==",
      "dev": true
    }
  }
}
