{
  "name": "@jovotech/client-web-vue2",
  "version": "4.5.17",
  "lockfileVersion": 3,
  "requires": true,
  "packages": {
    "": {
      "name": "@jovotech/client-web-vue2",
      "version": "4.5.17",
      "license": "Apache-2.0",
      "devDependencies": {
        "vue": "^2.6.14"
      },
      "peerDependencies": {
        "vue": "2.*"
      }
    },
    "node_modules/vue": {
      "version": "2.6.14",
      "resolved": "https://registry.npmjs.org/vue/-/vue-2.6.14.tgz",
      "integrity": "sha512-x2284lgYvjOMj3Za7kqzRcUSxBboHqtgRE2zlos1qWaOye5yUmHn42LB1250NJBLRwEcdrB0JRwyPTEPhfQjiQ==",
      "deprecated": "Vue 2 has reached EOL and is no longer actively maintained. See https://v2.vuejs.org/eol/ for more details.",
      "dev": true
    }
  }
}
