{
	"name": "@jovotech/framework",
	"version": "4.2.19",
	"lockfileVersion": 1,
	"requires": true,
	"dependencies": {
		"@types/lodash.unset": {
			"version": "4.5.6",
			"resolved": "https://registry.npmjs.org/@types/lodash.unset/-/lodash.unset-4.5.6.tgz",
			"integrity": "sha512-KRMd2I4kKsfUsJfXRKMuleZHG4LAvacUatvaBcMup1OAPAlNdQXWm3q3BhusPFsS0/4rl7XXAnLxjHeaS/XU8w==",
			"dev": true,
			"requires": {
				"@types/lodash": "*"
			},
			"dependencies": {
				"@types/lodash": {
					"version": "4.14.178",
					"resolved": "https://registry.npmjs.org/@types/lodash/-/lodash-4.14.178.tgz",
					"integrity": "sha512-0d5Wd09ItQWH1qFbEyQ7oTQ3GZrMfth5JkbN3EvTKLXcHLRDSXeLnlvlOn0wvxVIwK5o2M8JzP/OWz7T3NRsbw==",
					"dev": true
				}
			}
		}
	}
}
