{
	"name": "jovo-examples-ts-components",
	"version": "2.2.18",
	"lockfileVersion": 1,
	"requires": true,
	"dependencies": {
		"googleapis": {
			"version": "42.0.0",
			"resolved": "https://registry.npmjs.org/googleapis/-/googleapis-42.0.0.tgz",
			"integrity": "sha512-nQiKPDmzmMusnU8UOibmlC6hsgkm70SjqmLxSlBBb7i0z7/J6UPilSzo9tAMoHA8u3BUw3OXn13+p9YLmBH6Gg==",
			"requires": {
				"google-auth-library": "^5.1.0",
				"googleapis-common": "^3.0.0"
			},
			"dependencies": {
				"abort-controller": {
					"version": "3.0.0",
					"resolved": "https://registry.npmjs.org/abort-controller/-/abort-controller-3.0.0.tgz",
					"integrity": "sha512-h8lQ8tacZYnR3vNQTgibj+tODHI5/+l06Au2Pcriv/Gmet0eaj4TwWH41sO9wnHDiQsEj19q0drzdWdeAHtweg==",
					"requires": {
						"event-target-shim": "^5.0.0"
					}
				},
				"agent-base": {
					"version": "4.3.0",
					"resolved": "https://registry.npmjs.org/agent-base/-/agent-base-4.3.0.tgz",
					"integrity": "sha512-salcGninV0nPrwpGNn4VTXBb1SOuXQBiqbrNXoeizJsHrsL6ERFM2Ne3JUSBWRE6aeNJI2ROP/WEEIDUiDe3cg==",
					"requires": {
						"es6-promisify": "^5.0.0"
					}
				},
				"arrify": {
					"version": "2.0.1",
					"resolved": "https://registry.npmjs.org/arrify/-/arrify-2.0.1.tgz",
					"integrity": "sha512-3duEwti880xqi4eAMN8AyR4a0ByT90zoYdLlevfrvU43vb0YZwZVfxOgxWrLXXXpyugL0hNZc9G6BiB5B3nUug=="
				},
				"base64-js": {
					"version": "1.3.1",
					"resolved": "https://registry.npmjs.org/base64-js/-/base64-js-1.3.1.tgz",
					"integrity": "sha512-mLQ4i2QO1ytvGWFWmcngKO//JXAQueZvwEKtjgQFM4jIK0kU+ytMfplL8j+n5mspOfjHwoAg+9yhb7BwAHm36g=="
				},
				"bignumber.js": {
					"version": "7.2.1",
					"resolved": "https://registry.npmjs.org/bignumber.js/-/bignumber.js-7.2.1.tgz",
					"integrity": "sha512-S4XzBk5sMB+Rcb/LNcpzXr57VRTxgAvaAEDAl1AwRx27j00hT84O6OkteE7u8UB3NuaaygCRrEpqox4uDOrbdQ=="
				},
				"buffer-equal-constant-time": {
					"version": "1.0.1",
					"resolved": "https://registry.npmjs.org/buffer-equal-constant-time/-/buffer-equal-constant-time-1.0.1.tgz",
					"integrity": "sha1-+OcRMvf/5uAaXJaXpMbz5I1cyBk="
				},
				"debug": {
					"version": "3.2.6",
					"resolved": "https://registry.npmjs.org/debug/-/debug-3.2.6.tgz",
					"integrity": "sha512-mel+jf7nrtEl5Pn1Qx46zARXKDpBbvzezse7p7LqINmdoIk8PYP5SySaxEmYv6TZ0JyEKA1hsCId6DIhgITtWQ==",
					"requires": {
						"ms": "^2.1.1"
					}
				},
				"ecdsa-sig-formatter": {
					"version": "1.0.11",
					"resolved": "https://registry.npmjs.org/ecdsa-sig-formatter/-/ecdsa-sig-formatter-1.0.11.tgz",
					"integrity": "sha512-nagl3RYrbNv6kQkeJIpt6NJZy8twLB/2vtz6yN9Z4vRKHN4/QZJIEbqohALSgwKdnksuY3k5Addp5lg8sVoVcQ==",
					"requires": {
						"safe-buffer": "^5.0.1"
					}
				},
				"es6-promise": {
					"version": "4.2.8",
					"resolved": "https://registry.npmjs.org/es6-promise/-/es6-promise-4.2.8.tgz",
					"integrity": "sha512-HJDGx5daxeIvxdBxvG2cb9g4tEvwIk3i8+nhX0yGrYmZUzbkdg8QbDevheDB8gd0//uPj4c1EQua8Q+MViT0/w=="
				},
				"es6-promisify": {
					"version": "5.0.0",
					"resolved": "https://registry.npmjs.org/es6-promisify/-/es6-promisify-5.0.0.tgz",
					"integrity": "sha1-UQnWLz5W6pZ8S2NQWu8IKRyKUgM=",
					"requires": {
						"es6-promise": "^4.0.3"
					}
				},
				"event-target-shim": {
					"version": "5.0.1",
					"resolved": "https://registry.npmjs.org/event-target-shim/-/event-target-shim-5.0.1.tgz",
					"integrity": "sha512-i/2XbnSz/uxRCU6+NdVJgKWDTM427+MqYbkQzD321DuCQJUqOuJKIA0IM2+W2xtYHdKOmZ4dR6fExsd4SXL+WQ=="
				},
				"extend": {
					"version": "3.0.2",
					"resolved": "https://registry.npmjs.org/extend/-/extend-3.0.2.tgz",
					"integrity": "sha512-fjquC59cD7CyW6urNXK0FBufkZcoiGG80wTuPujX590cB5Ttln20E2UB4S/WARVqhXffZl2LNgS+gQdPIIim/g=="
				},
				"fast-text-encoding": {
					"version": "1.0.0",
					"resolved": "https://registry.npmjs.org/fast-text-encoding/-/fast-text-encoding-1.0.0.tgz",
					"integrity": "sha512-R9bHCvweUxxwkDwhjav5vxpFvdPGlVngtqmx4pIZfSUhM/Q4NiIUHB456BAf+Q1Nwu3HEZYONtu+Rya+af4jiQ=="
				},
				"gaxios": {
					"version": "2.0.1",
					"resolved": "https://registry.npmjs.org/gaxios/-/gaxios-2.0.1.tgz",
					"integrity": "sha512-c1NXovTxkgRJTIgB2FrFmOFg4YIV6N/bAa4f/FZ4jIw13Ql9ya/82x69CswvotJhbV3DiGnlTZwoq2NVXk2Irg==",
					"requires": {
						"abort-controller": "^3.0.0",
						"extend": "^3.0.2",
						"https-proxy-agent": "^2.2.1",
						"node-fetch": "^2.3.0"
					}
				},
				"gcp-metadata": {
					"version": "3.2.0",
					"resolved": "https://registry.npmjs.org/gcp-metadata/-/gcp-metadata-3.2.0.tgz",
					"integrity": "sha512-ympv+yQ6k5QuWCuwQqnGEvFGS7MBKdcQdj1i188v3bW9QLFIchTGaBCEZxSQapT0jffdn1vdt8oJhB5VBWQO1Q==",
					"requires": {
						"gaxios": "^2.0.1",
						"json-bigint": "^0.3.0"
					}
				},
				"google-auth-library": {
					"version": "5.5.0",
					"resolved": "https://registry.npmjs.org/google-auth-library/-/google-auth-library-5.5.0.tgz",
					"integrity": "sha512-TNeraw4miu6/FhO0jDrHiJuRx3SBrAhxHSPj7+rhif43bKE34UItXX9lejKxo3E8FNytuY4LIVIvpcqMQHSYZw==",
					"requires": {
						"arrify": "^2.0.0",
						"base64-js": "^1.3.0",
						"fast-text-encoding": "^1.0.0",
						"gaxios": "^2.0.0",
						"gcp-metadata": "^3.2.0",
						"gtoken": "^4.1.0",
						"jws": "^3.1.5",
						"lru-cache": "^5.0.0"
					}
				},
				"google-p12-pem": {
					"version": "2.0.2",
					"resolved": "https://registry.npmjs.org/google-p12-pem/-/google-p12-pem-2.0.2.tgz",
					"integrity": "sha512-UfnEARfJKI6pbmC1hfFFm+UAcZxeIwTiEcHfqKe/drMsXD/ilnVjF7zgOGpHXyhuvX6jNJK3S8A0hOQjwtFxEw==",
					"requires": {
						"node-forge": "^0.9.0"
					}
				},
				"googleapis-common": {
					"version": "3.1.1",
					"resolved": "https://registry.npmjs.org/googleapis-common/-/googleapis-common-3.1.1.tgz",
					"integrity": "sha512-sXNS9oJifZOk2Pa6SzxoSfv0Mj9y/qIOsVV7D8WHuH//90CXNnpR/nCYVa+KcPMDT9ONq21sbtvjfKATMV1Bug==",
					"requires": {
						"extend": "^3.0.2",
						"gaxios": "^2.0.1",
						"google-auth-library": "^5.2.0",
						"qs": "^6.7.0",
						"url-template": "^2.0.8",
						"uuid": "^3.3.2"
					}
				},
				"gtoken": {
					"version": "4.1.0",
					"resolved": "https://registry.npmjs.org/gtoken/-/gtoken-4.1.0.tgz",
					"integrity": "sha512-wqyn2gf5buzEZN4QNmmiiW2i2JkEdZnL7Z/9p44RtZqgt4077m4khRgAYNuu8cBwHWCc6MsP6eDUn/KkF6jFIw==",
					"requires": {
						"gaxios": "^2.0.0",
						"google-p12-pem": "^2.0.0",
						"jws": "^3.1.5",
						"mime": "^2.2.0"
					}
				},
				"https-proxy-agent": {
					"version": "2.2.2",
					"resolved": "https://registry.npmjs.org/https-proxy-agent/-/https-proxy-agent-2.2.2.tgz",
					"integrity": "sha512-c8Ndjc9Bkpfx/vCJueCPy0jlP4ccCCSNDp8xwCZzPjKJUm+B+u9WX2x98Qx4n1PiMNTWo3D7KK5ifNV/yJyRzg==",
					"requires": {
						"agent-base": "^4.3.0",
						"debug": "^3.1.0"
					}
				},
				"json-bigint": {
					"version": "0.3.0",
					"resolved": "https://registry.npmjs.org/json-bigint/-/json-bigint-0.3.0.tgz",
					"integrity": "sha1-DM2RLEuCcNBfBW+9E4FLU9OCWx4=",
					"requires": {
						"bignumber.js": "^7.0.0"
					}
				},
				"jwa": {
					"version": "1.4.1",
					"resolved": "https://registry.npmjs.org/jwa/-/jwa-1.4.1.tgz",
					"integrity": "sha512-qiLX/xhEEFKUAJ6FiBMbes3w9ATzyk5W7Hvzpa/SLYdxNtng+gcurvrI7TbACjIXlsJyr05/S1oUhZrc63evQA==",
					"requires": {
						"buffer-equal-constant-time": "1.0.1",
						"ecdsa-sig-formatter": "1.0.11",
						"safe-buffer": "^5.0.1"
					}
				},
				"jws": {
					"version": "3.2.2",
					"resolved": "https://registry.npmjs.org/jws/-/jws-3.2.2.tgz",
					"integrity": "sha512-YHlZCB6lMTllWDtSPHz/ZXTsi8S00usEV6v1tjq8tOUZzw7DpSDWVXjXDre6ed1w/pd495ODpHZYSdkRTsa0HA==",
					"requires": {
						"jwa": "^1.4.1",
						"safe-buffer": "^5.0.1"
					}
				},
				"lru-cache": {
					"version": "5.1.1",
					"resolved": "https://registry.npmjs.org/lru-cache/-/lru-cache-5.1.1.tgz",
					"integrity": "sha512-KpNARQA3Iwv+jTA0utUVVbrh+Jlrr1Fv0e56GGzAFOXN7dk/FviaDW8LHmK52DlcH4WP2n6gI8vN1aesBFgo9w==",
					"requires": {
						"yallist": "^3.0.2"
					}
				},
				"mime": {
					"version": "2.4.4",
					"resolved": "https://registry.npmjs.org/mime/-/mime-2.4.4.tgz",
					"integrity": "sha512-LRxmNwziLPT828z+4YkNzloCFC2YM4wrB99k+AV5ZbEyfGNWfG8SO1FUXLmLDBSo89NrJZ4DIWeLjy1CHGhMGA=="
				},
				"ms": {
					"version": "2.1.2",
					"resolved": "https://registry.npmjs.org/ms/-/ms-2.1.2.tgz",
					"integrity": "sha512-sGkPx+VjMtmA6MX27oA4FBFELFCZZ4S4XqeGOXCv68tT+jb3vk/RyaKWP0PTKyWtmLSM0b+adUTEvbs1PEaH2w=="
				},
				"node-fetch": {
					"version": "2.6.0",
					"resolved": "https://registry.npmjs.org/node-fetch/-/node-fetch-2.6.0.tgz",
					"integrity": "sha512-8dG4H5ujfvFiqDmVu9fQ5bOHUC15JMjMY/Zumv26oOvvVJjM67KF8koCWIabKQ1GJIa9r2mMZscBq/TbdOcmNA=="
				},
				"node-forge": {
					"version": "0.9.1",
					"resolved": "https://registry.npmjs.org/node-forge/-/node-forge-0.9.1.tgz",
					"integrity": "sha512-G6RlQt5Sb4GMBzXvhfkeFmbqR6MzhtnT7VTHuLadjkii3rdYHNdw0m8zA4BTxVIh68FicCQ2NSUANpsqkr9jvQ=="
				},
				"qs": {
					"version": "6.9.0",
					"resolved": "https://registry.npmjs.org/qs/-/qs-6.9.0.tgz",
					"integrity": "sha512-27RP4UotQORTpmNQDX8BHPukOnBP3p1uUJY5UnDhaJB+rMt9iMsok724XL+UHU23bEFOHRMQ2ZhI99qOWUMGFA=="
				},
				"safe-buffer": {
					"version": "5.2.0",
					"resolved": "https://registry.npmjs.org/safe-buffer/-/safe-buffer-5.2.0.tgz",
					"integrity": "sha512-fZEwUGbVl7kouZs1jCdMLdt95hdIv0ZeHg6L7qPeciMZhZ+/gdesW4wgTARkrFWEpspjEATAzUGPG8N2jJiwbg=="
				},
				"url-template": {
					"version": "2.0.8",
					"resolved": "https://registry.npmjs.org/url-template/-/url-template-2.0.8.tgz",
					"integrity": "sha1-/FZaPMy/93MMd19WQflVV5FDnyE="
				},
				"uuid": {
					"version": "3.3.3",
					"resolved": "https://registry.npmjs.org/uuid/-/uuid-3.3.3.tgz",
					"integrity": "sha512-pW0No1RGHgzlpHJO1nsVrHKpOEIxkGg1xB+v0ZmdNH5OAeAwzAVrCnI2/6Mtx+Uys6iaylxa+D3g4j63IKKjSQ=="
				},
				"yallist": {
					"version": "3.1.1",
					"resolved": "https://registry.npmjs.org/yallist/-/yallist-3.1.1.tgz",
					"integrity": "sha512-a4UGQaWPH59mOXUYnAG2ewncQS4i4F43Tv3JoAM+s2VDAmS9NsK8GpDMLrCHPksFT7h3K6TOoUNn2pb7RoXx4g=="
				}
			}
		}
	}
}
