{
  "name": "jovo-cms-i18next",
  "version": "2.0.1-alpha.12",
  "lockfileVersion": 1,
  "requires": true,
  "dependencies": {
    "@types/i18next": {
      "version": "12.1.0",
      "resolved": "https://registry.npmjs.org/@types/i18next/-/i18next-12.1.0.tgz",
      "integrity": "sha512-qLyqTkp3ZKHsSoX8CNVYcTyTkxlm0aRCUpaUVetgkSlSpiNCdWryOgaYwgbO04tJIfLgBXPcy0tJ3Nl/RagllA==",
      "dev": true
    },
    "i18next": {
      "version": "12.1.0",
      "resolved": "https://registry.npmjs.org/i18next/-/i18next-12.1.0.tgz",
      "integrity": "sha512-AexmwGkKxwKfo5fGeXTWEY4xqzRPigQ1S/0InOUUVziGO54cd4fKyYK8ED1Thx9fd+WA3fRSZ+1iekvFQMbsFw=="
    }
  }
}
