{
	"name": "@jovotech/plugin-slack",
	"version": "4.2.19",
	"lockfileVersion": 1,
	"requires": true,
	"dependencies": {
		"@types/node": {
			"version": "10.17.60",
			"resolved": "https://registry.npmjs.org/@types/node/-/node-10.17.60.tgz",
			"integrity": "sha512-F0KIgDJfy2nA3zMLmWGKxcH2ZVEtCZXHHdOQs2gSaQ27+lNeEfGxzkIw90aXswATX7AZ33tahPbzy6KAfUreVw==",
			"dev": true
		}
	}
}
