{
	"name": "@jovotech/common",
	"version": "4.0.0-beta.4",
	"lockfileVersion": 1,
	"requires": true,
	"dependencies": {
		"ts-toolbelt": {
			"version": "9.5.13",
			"resolved": "https://registry.npmjs.org/ts-toolbelt/-/ts-toolbelt-9.5.13.tgz",
			"integrity": "sha512-zbU5tKowXAWmvFHuiNi517BXC6TlR0ly8AhdBU9ZMEZeOyNffyza+NZEDyrSDm5oIPs/JqZLHF9r3o1zb6ZwEQ=="
		},
		"type-fest": {
			"version": "1.4.0",
			"resolved": "https://registry.npmjs.org/type-fest/-/type-fest-1.4.0.tgz",
			"integrity": "sha512-yGSza74xk0UG8k+pLh5oeoYirvIiWo5t0/o3zHHAO2tRDiZcxWP7fywNlXhqb6/r6sWvwi+RsyQMWhVLe4BVuA=="
		}
	}
}
