{
	"name": "jovo-platform-dialogflow",
	"version": "3.0.6",
	"lockfileVersion": 1,
	"requires": true,
	"dependencies": {
		"@types/lodash": {
			"version": "4.14.149",
			"resolved": "https://registry.npmjs.org/@types/lodash/-/lodash-4.14.149.tgz",
			"integrity": "sha512-ijGqzZt/b7BfzcK9vTrS6MFljQRPn5BFWOx8oE0GYxribu6uV+aA9zZuXI1zc/etK9E8nrgdoF2+LgUw7+9tJQ==",
			"dev": true
		},
		"@types/lodash.mapvalues": {
			"version": "4.6.6",
			"resolved": "https://registry.npmjs.org/@types/lodash.mapvalues/-/lodash.mapvalues-4.6.6.tgz",
			"integrity": "sha512-Mt9eg3AqwAt5HShuOu8taiIYg0sLl4w3vDi0++E0VtiOtj9DqQHaxVr3wicVop0eDEqr5ENbht7vsLJlkMHL+w==",
			"dev": true,
			"requires": {
				"@types/lodash": "*"
			}
		}
	}
}
