{
  "name": "jovo-core",
  "version": "2.0.1-alpha.12",
  "lockfileVersion": 1,
  "requires": true,
  "dependencies": {
    "@types/lodash": {
      "version": "4.14.118",
      "resolved": "https://registry.npmjs.org/@types/lodash/-/lodash-4.14.118.tgz",
      "integrity": "sha512-iiJbKLZbhSa6FYRip/9ZDX6HXhayXLDGY2Fqws9cOkEQ6XeKfaxB0sC541mowZJueYyMnVUmmG+al5/4fCDrgw==",
      "dev": true
    },
    "@types/lodash.camelcase": {
      "version": "4.3.4",
      "resolved": "https://registry.npmjs.org/@types/lodash.camelcase/-/lodash.camelcase-4.3.4.tgz",
      "integrity": "sha512-yx+TmSP3QnhUGdcxkvwV3O++eI6kXKf5E89yJutHR8ebdr5f7KF5XmTBIWrbXFBLo2JIcaBz2axdpe7/WiOT2g==",
      "dev": true,
      "requires": {
        "@types/lodash": "4.14.118"
      }
    },
    "@types/lodash.clonedeep": {
      "version": "4.5.4",
      "resolved": "https://registry.npmjs.org/@types/lodash.clonedeep/-/lodash.clonedeep-4.5.4.tgz",
      "integrity": "sha512-+rCVPIZOJaub++wU/lmyp/SxiKlqXQaXI5LryzjuHBKFj51ApVt38Xxk9psLWNGMuR/obEQNTH0l/yDfG4ANNQ==",
      "dev": true,
      "requires": {
        "@types/lodash": "4.14.118"
      }
    },
    "@types/lodash.get": {
      "version": "4.4.4",
      "resolved": "https://registry.npmjs.org/@types/lodash.get/-/lodash.get-4.4.4.tgz",
      "integrity": "sha512-6igkhtKoWAEvTWCgd5uubiuxXLUY/kljQOQZV1G5Y7SrivpmCU+NWG5tGLgRBkccobrDljbJYzBM2vgCG4Oc8Q==",
      "dev": true,
      "requires": {
        "@types/lodash": "4.14.118"
      }
    },
    "@types/lodash.isequal": {
      "version": "4.5.3",
      "resolved": "https://registry.npmjs.org/@types/lodash.isequal/-/lodash.isequal-4.5.3.tgz",
      "integrity": "sha512-tpTUmHksO2H9RF98Y2w7v06ZeEKAxHPo2ysL0bV5qv5UBweiZl33NFu5QYmYOSxSnHMqBt/vsVsBVeQAcJiokg==",
      "dev": true,
      "requires": {
        "@types/lodash": "4.14.118"
      }
    },
    "@types/lodash.map": {
      "version": "4.6.13",
      "resolved": "https://registry.npmjs.org/@types/lodash.map/-/lodash.map-4.6.13.tgz",
      "integrity": "sha512-kppRBzlpuvQQsr7R2nv/DDDZds8fglRFNAK70WUOkOC18KOcuQ22oQF9Kgy5Z2v/eDNkBm0ltrT6FThSkuWwow==",
      "dev": true,
      "requires": {
        "@types/lodash": "4.14.118"
      }
    },
    "@types/lodash.mapvalues": {
      "version": "4.6.4",
      "resolved": "https://registry.npmjs.org/@types/lodash.mapvalues/-/lodash.mapvalues-4.6.4.tgz",
      "integrity": "sha512-pmxGYRc+rbdUi214lmeM8v40Y+H5x/Jtky8C/Nml1YJB0nhrgFXhNNBZe+mO5Q4vjuHwsvMcJPPHr4L4UX0Kcg==",
      "dev": true,
      "requires": {
        "@types/lodash": "4.14.118"
      }
    },
    "@types/lodash.merge": {
      "version": "4.6.4",
      "resolved": "https://registry.npmjs.org/@types/lodash.merge/-/lodash.merge-4.6.4.tgz",
      "integrity": "sha512-usLWpRAicaNbx0VfNDREEgGWvp88inclJLXLJ3NpT83eUE4O05LJdYNRTofHq6pb/NiMZjzNVJHdgPvPzMfu6g==",
      "dev": true,
      "requires": {
        "@types/lodash": "4.14.118"
      }
    },
    "@types/lodash.sample": {
      "version": "4.2.4",
      "resolved": "https://registry.npmjs.org/@types/lodash.sample/-/lodash.sample-4.2.4.tgz",
      "integrity": "sha512-6TFpHgqLDu8Dmpn6xfzzjKC/25leqA1sV3CJt7LbXrLCkbnaSGaax3WKacvllaS3FOdBocVLgXU/nVqdKERl9A==",
      "dev": true,
      "requires": {
        "@types/lodash": "4.14.118"
      }
    },
    "@types/lodash.set": {
      "version": "4.3.4",
      "resolved": "https://registry.npmjs.org/@types/lodash.set/-/lodash.set-4.3.4.tgz",
      "integrity": "sha512-oY+y8V6Bg69q4U4eDhR7K177gE76I2Zb40OMHb+epTwo6RMGXeJpY7sKN7xrzvr1aXxPsfS50pvKVlcRq34JPQ==",
      "dev": true,
      "requires": {
        "@types/lodash": "4.14.118"
      }
    },
    "@types/lodash.transform": {
      "version": "4.6.4",
      "resolved": "https://registry.npmjs.org/@types/lodash.transform/-/lodash.transform-4.6.4.tgz",
      "integrity": "sha512-ToRr8n7ME8ZNTdPsre86gpq0alQll5qe6M4NthrZhVYb3gP56pVMCeGiQ49r0gA8OUEW7j5p1DfyBRNgz1an/w==",
      "dev": true,
      "requires": {
        "@types/lodash": "4.14.118"
      }
    },
    "lodash.camelcase": {
      "version": "4.3.0",
      "resolved": "https://registry.npmjs.org/lodash.camelcase/-/lodash.camelcase-4.3.0.tgz",
      "integrity": "sha1-soqmKIorn8ZRA1x3EfZathkDMaY="
    },
    "lodash.clonedeep": {
      "version": "4.5.0",
      "resolved": "https://registry.npmjs.org/lodash.clonedeep/-/lodash.clonedeep-4.5.0.tgz",
      "integrity": "sha1-4j8/nE+Pvd6HJSnBBxhXoIblzO8="
    },
    "lodash.get": {
      "version": "4.4.2",
      "resolved": "https://registry.npmjs.org/lodash.get/-/lodash.get-4.4.2.tgz",
      "integrity": "sha1-LRd/ZS+jHpObRDjVNBSZ36OCXpk="
    },
    "lodash.isequal": {
      "version": "4.5.0",
      "resolved": "https://registry.npmjs.org/lodash.isequal/-/lodash.isequal-4.5.0.tgz",
      "integrity": "sha1-QVxEePK8wwEgwizhDtMib30+GOA="
    },
    "lodash.map": {
      "version": "4.6.0",
      "resolved": "https://registry.npmjs.org/lodash.map/-/lodash.map-4.6.0.tgz",
      "integrity": "sha1-dx7Hg540c9nEzeKLGTlMNWL09tM="
    },
    "lodash.mapvalues": {
      "version": "4.6.0",
      "resolved": "https://registry.npmjs.org/lodash.mapvalues/-/lodash.mapvalues-4.6.0.tgz",
      "integrity": "sha1-G6+lAF3p3W9PJmaMMMo3IwzJaJw="
    },
    "lodash.merge": {
      "version": "4.6.1",
      "resolved": "https://registry.npmjs.org/lodash.merge/-/lodash.merge-4.6.1.tgz",
      "integrity": "sha512-AOYza4+Hf5z1/0Hztxpm2/xiPZgi/cjMqdnKTUWTBSKchJlxXXuUSxCCl8rJlf4g6yww/j6mA8nC8Hw/EZWxKQ=="
    },
    "lodash.sample": {
      "version": "4.2.1",
      "resolved": "https://registry.npmjs.org/lodash.sample/-/lodash.sample-4.2.1.tgz",
      "integrity": "sha1-XkKRsMdT+hq+sKq4+ynfG2bwf20="
    },
    "lodash.set": {
      "version": "4.3.2",
      "resolved": "https://registry.npmjs.org/lodash.set/-/lodash.set-4.3.2.tgz",
      "integrity": "sha1-2HV7HagH3eJIFrDWqEvqGnYjCyM="
    },
    "lodash.transform": {
      "version": "4.6.0",
      "resolved": "https://registry.npmjs.org/lodash.transform/-/lodash.transform-4.6.0.tgz",
      "integrity": "sha1-EjBkIvYzJK7YSD0/ODMrX2cFR6A="
    }
  }
}
