{
	"name": "jovo-cms-airtable",
	"version": "2.1.3",
	"lockfileVersion": 1,
	"requires": true,
	"dependencies": {
		"@types/lodash.get": {
			"version": "4.4.6",
			"resolved": "https://registry.npmjs.org/@types/lodash.get/-/lodash.get-4.4.6.tgz",
			"integrity": "sha512-E6zzjR3GtNig8UJG/yodBeJeIOtgPkMgsLjDU3CbgCAPC++vJ0eCMnJhVpRZb/ENqEFlov1+3K9TKtY4UdWKtQ==",
			"dev": true,
			"requires": {
				"@types/lodash": "4.14.122"
			},
			"dependencies": {
				"@types/lodash": {
					"version": "4.14.122",
					"resolved": "https://registry.npmjs.org/@types/lodash/-/lodash-4.14.122.tgz",
					"integrity": "sha512-9IdED8wU93ty8gP06ninox+42SBSJHp2IAamsSYMUY76mshRTeUsid/gtbl8ovnOwy8im41ib4cxTiIYMXGKew==",
					"dev": true
				}
			}
		},
		"@types/lodash.merge": {
			"version": "4.6.6",
			"resolved": "https://registry.npmjs.org/@types/lodash.merge/-/lodash.merge-4.6.6.tgz",
			"integrity": "sha512-IB90krzMf7YpfgP3u/EvZEdXVvm4e3gJbUvh5ieuI+o+XqiNEt6fCzqNRaiLlPVScLI59RxIGZMQ3+Ko/DJ8vQ==",
			"dev": true,
			"requires": {
				"@types/lodash": "4.14.122"
			},
			"dependencies": {
				"@types/lodash": {
					"version": "4.14.122",
					"resolved": "https://registry.npmjs.org/@types/lodash/-/lodash-4.14.122.tgz",
					"integrity": "sha512-9IdED8wU93ty8gP06ninox+42SBSJHp2IAamsSYMUY76mshRTeUsid/gtbl8ovnOwy8im41ib4cxTiIYMXGKew==",
					"dev": true
				}
			}
		},
		"@types/lodash.set": {
			"version": "4.3.6",
			"resolved": "https://registry.npmjs.org/@types/lodash.set/-/lodash.set-4.3.6.tgz",
			"integrity": "sha512-ZeGDDlnRYTvS31Laij0RsSaguIUSBTYIlJFKL3vm3T2OAZAQj2YpSvVWJc0WiG4jqg9fGX6PAPGvDqBcHfSgFg==",
			"dev": true,
			"requires": {
				"@types/lodash": "4.14.122"
			},
			"dependencies": {
				"@types/lodash": {
					"version": "4.14.122",
					"resolved": "https://registry.npmjs.org/@types/lodash/-/lodash-4.14.122.tgz",
					"integrity": "sha512-9IdED8wU93ty8gP06ninox+42SBSJHp2IAamsSYMUY76mshRTeUsid/gtbl8ovnOwy8im41ib4cxTiIYMXGKew==",
					"dev": true
				}
			}
		},
		"i18next": {
			"version": "15.0.6",
			"resolved": "https://registry.npmjs.org/i18next/-/i18next-15.0.6.tgz",
			"integrity": "sha512-pFka7P9InL0UvvQeKKxXR9khyblG6wB4QSQliIRJII2BiWv8OXXYUPeXIa+4rSnZJFhq86aMl4d0hRF0Lgs6Jw==",
			"requires": {
				"@babel/runtime": "7.3.4"
			},
			"dependencies": {
				"@babel/runtime": {
					"version": "7.3.4",
					"resolved": "https://registry.npmjs.org/@babel/runtime/-/runtime-7.3.4.tgz",
					"integrity": "sha512-IvfvnMdSaLBateu0jfsYIpZTxAc2cKEXEMiezGGN75QcBcecDUKd3PgLAncT0oOgxKy8dd8hrJKj9MfzgfZd6g==",
					"requires": {
						"regenerator-runtime": "0.12.1"
					}
				},
				"regenerator-runtime": {
					"version": "0.12.1",
					"resolved": "https://registry.npmjs.org/regenerator-runtime/-/regenerator-runtime-0.12.1.tgz",
					"integrity": "sha512-odxIc1/vDlo4iZcfXqRYFj0vpXFNoGdKMAUieAlFYO6m/nl5e9KR/beGf41z4a1FI+aQgtjhuaSlDxQ0hmkrHg=="
				}
			}
		}
	}
}
