{
	"name": "@jovotech/output",
	"version": "4.0.0-beta.8",
	"lockfileVersion": 1,
	"requires": true,
	"dependencies": {
		"ts-toolbelt": {
			"version": "9.6.0",
			"resolved": "https://registry.npmjs.org/ts-toolbelt/-/ts-toolbelt-9.6.0.tgz",
			"integrity": "sha512-nsZd8ZeNUzukXPlJmTBwUAuABDe/9qtVDelJeT/qW0ow3ZS3BsQJtNkan1802aM9Uf68/Y8ljw86Hu0h5IUW3w=="
		}
	}
}
