{
	"name": "@jovotech/platform-alexa",
	"version": "4.2.19",
	"lockfileVersion": 1,
	"requires": true,
	"dependencies": {
		"adm-zip": {
			"version": "0.5.9",
			"resolved": "https://registry.npmjs.org/adm-zip/-/adm-zip-0.5.9.tgz",
			"integrity": "sha512-s+3fXLkeeLjZ2kLjCBwQufpI5fuN+kIGBxu6530nVQZGVol0d7Y/M88/xw9HGGUcJjKf8LutN3VPRUBq6N7Ajg=="
		}
	}
}
