{
	"name": "@jovotech/platform-alexa",
	"version": "4.1.2",
	"lockfileVersion": 2,
	"requires": true,
	"packages": {
		"": {
			"name": "@jovotech/platform-alexa",
			"version": "4.1.1",
			"license": "Apache-2.0",
			"dependencies": {
				"adm-zip": "^0.5.9"
			},
			"peerDependencies": {
				"@jovotech/cli-command-build": "^4.0.0",
				"@jovotech/cli-command-deploy": "^4.0.0",
				"@jovotech/cli-command-get": "^4.0.0",
				"@jovotech/cli-command-new": "^4.0.0",
				"@jovotech/cli-core": "^4.0.0",
				"@jovotech/filebuilder": "^0.0.1",
				"@jovotech/framework": "4.1.1",
				"@jovotech/output": "4.0.2"
			}
		},
		"node_modules/adm-zip": {
			"version": "0.5.9",
			"resolved": "https://registry.npmjs.org/adm-zip/-/adm-zip-0.5.9.tgz",
			"integrity": "sha512-s+3fXLkeeLjZ2kLjCBwQufpI5fuN+kIGBxu6530nVQZGVol0d7Y/M88/xw9HGGUcJjKf8LutN3VPRUBq6N7Ajg==",
			"engines": {
				"node": ">=6.0"
			}
		}
	},
	"dependencies": {
		"adm-zip": {
			"version": "0.5.9",
			"resolved": "https://registry.npmjs.org/adm-zip/-/adm-zip-0.5.9.tgz",
			"integrity": "sha512-s+3fXLkeeLjZ2kLjCBwQufpI5fuN+kIGBxu6530nVQZGVol0d7Y/M88/xw9HGGUcJjKf8LutN3VPRUBq6N7Ajg=="
		}
	}
}
